// !$*UTF8*$!
{
	archiveVersion = 1;
	classes = {
	};
	objectVersion = 46;
	objects = {

/* Begin PBXBuildFile section */
		C8519DF00A8541CAAF71F209 /* libPods.a in Frameworks */ = {isa = PBXBuildFile; fileRef = 4630E06125C741DC9F43B19D /* libPods.a */; };
		EC108B7919D8E2F000CBBC17 /* main.m in Sources */ = {isa = PBXBuildFile; fileRef = EC108B7819D8E2F000CBBC17 /* main.m */; };
		EC108B7C19D8E2F000CBBC17 /* AppDelegate.m in Sources */ = {isa = PBXBuildFile; fileRef = EC108B7B19D8E2F000CBBC17 /* AppDelegate.m */; };
		EC108B7F19D8E2F000CBBC17 /* Se_Le_Tiene.xcdatamodeld in Sources */ = {isa = PBXBuildFile; fileRef = EC108B7D19D8E2F000CBBC17 /* Se_Le_Tiene.xcdatamodeld */; };
		EC108B8519D8E2F000CBBC17 /* Main.storyboard in Resources */ = {isa = PBXBuildFile; fileRef = EC108B8319D8E2F000CBBC17 /* Main.storyboard */; };
		EC108B8719D8E2F000CBBC17 /* Images.xcassets in Resources */ = {isa = PBXBuildFile; fileRef = EC108B8619D8E2F000CBBC17 /* Images.xcassets */; };
		EC108B8A19D8E2F000CBBC17 /* LaunchScreen.xib in Resources */ = {isa = PBXBuildFile; fileRef = EC108B8819D8E2F000CBBC17 /* LaunchScreen.xib */; };
		EC108B9619D8E2F000CBBC17 /* Se_Le_TieneTests.m in Sources */ = {isa = PBXBuildFile; fileRef = EC108B9519D8E2F000CBBC17 /* Se_Le_TieneTests.m */; };
		EC108BFB19DA108B00CBBC17 /* btnBlue.png in Resources */ = {isa = PBXBuildFile; fileRef = EC108BEF19DA108B00CBBC17 /* btnBlue.png */; };
		EC108BFC19DA108B00CBBC17 /* btnBlue@2x.png in Resources */ = {isa = PBXBuildFile; fileRef = EC108BF019DA108B00CBBC17 /* btnBlue@2x.png */; };
		EC108BFD19DA108B00CBBC17 /* btnEmail.png in Resources */ = {isa = PBXBuildFile; fileRef = EC108BF119DA108B00CBBC17 /* btnEmail.png */; };
		EC108BFE19DA108B00CBBC17 /* btnEmail@2x.png in Resources */ = {isa = PBXBuildFile; fileRef = EC108BF219DA108B00CBBC17 /* btnEmail@2x.png */; };
		EC108BFF19DA108B00CBBC17 /* btnFacebook.png in Resources */ = {isa = PBXBuildFile; fileRef = EC108BF319DA108B00CBBC17 /* btnFacebook.png */; };
		EC108C0019DA108B00CBBC17 /* btnFacebook@2x.png in Resources */ = {isa = PBXBuildFile; fileRef = EC108BF419DA108B00CBBC17 /* btnFacebook@2x.png */; };
		EC108C0119DA108B00CBBC17 /* btnInfo.png in Resources */ = {isa = PBXBuildFile; fileRef = EC108BF519DA108B00CBBC17 /* btnInfo.png */; };
		EC108C0219DA108B00CBBC17 /* btnInfo@2x.png in Resources */ = {isa = PBXBuildFile; fileRef = EC108BF619DA108B00CBBC17 /* btnInfo@2x.png */; };
		EC108C0319DA108B00CBBC17 /* logo.png in Resources */ = {isa = PBXBuildFile; fileRef = EC108BF719DA108B00CBBC17 /* logo.png */; };
		EC108C0419DA108B00CBBC17 /* logo@2x.png in Resources */ = {isa = PBXBuildFile; fileRef = EC108BF819DA108B00CBBC17 /* logo@2x.png */; };
		EC108C0719DA16A300CBBC17 /* bg.jpg in Resources */ = {isa = PBXBuildFile; fileRef = EC108C0519DA16A300CBBC17 /* bg.jpg */; };
		EC108C0819DA16A300CBBC17 /* bg@2x.jpg in Resources */ = {isa = PBXBuildFile; fileRef = EC108C0619DA16A300CBBC17 /* bg@2x.jpg */; };
		EC1F86B419DBA41D0019CA9F /* LoginViewController.m in Sources */ = {isa = PBXBuildFile; fileRef = EC1F86B319DBA41D0019CA9F /* LoginViewController.m */; };
		EC66560519DE44C1005B0B00 /* btnSearch@2x.png in Resources */ = {isa = PBXBuildFile; fileRef = EC66560319DE44C1005B0B00 /* btnSearch@2x.png */; };
		EC66560619DE44C1005B0B00 /* btnSearch.png in Resources */ = {isa = PBXBuildFile; fileRef = EC66560419DE44C1005B0B00 /* btnSearch.png */; };
		EC66560919DE5486005B0B00 /* NVControllerGeneric.m in Sources */ = {isa = PBXBuildFile; fileRef = EC66560719DE5486005B0B00 /* NVControllerGeneric.m */; };
		EC66560D19DE56CF005B0B00 /* logoHeader@2x.png in Resources */ = {isa = PBXBuildFile; fileRef = EC66560A19DE56CF005B0B00 /* logoHeader@2x.png */; };
		EC66560E19DE56CF005B0B00 /* logoHeader.png in Resources */ = {isa = PBXBuildFile; fileRef = EC66560B19DE56CF005B0B00 /* logoHeader.png */; };
		EC66560F19DE56CF005B0B00 /* bgHeader.png in Resources */ = {isa = PBXBuildFile; fileRef = EC66560C19DE56CF005B0B00 /* bgHeader.png */; };
		EC66561219DEFDB6005B0B00 /* ContainerViewController.m in Sources */ = {isa = PBXBuildFile; fileRef = EC66561019DEFDB6005B0B00 /* ContainerViewController.m */; };
		EC66561519DF01AB005B0B00 /* EmptySegue.m in Sources */ = {isa = PBXBuildFile; fileRef = EC66561319DF01AB005B0B00 /* EmptySegue.m */; };
		EC701BAA19E77DC2003912B0 /* bgContact@2x.png in Resources */ = {isa = PBXBuildFile; fileRef = EC701BA819E77DC2003912B0 /* bgContact@2x.png */; };
		EC701BAB19E77DC2003912B0 /* bgContact.png in Resources */ = {isa = PBXBuildFile; fileRef = EC701BA919E77DC2003912B0 /* bgContact.png */; };
		EC701BB019E79AA7003912B0 /* btnTws@2x.png in Resources */ = {isa = PBXBuildFile; fileRef = EC701BAC19E79AA7003912B0 /* btnTws@2x.png */; };
		EC701BB119E79AA7003912B0 /* btnTws.png in Resources */ = {isa = PBXBuildFile; fileRef = EC701BAD19E79AA7003912B0 /* btnTws.png */; };
		EC701BB219E79AA7003912B0 /* btnFbs@2x.png in Resources */ = {isa = PBXBuildFile; fileRef = EC701BAE19E79AA7003912B0 /* btnFbs@2x.png */; };
		EC701BB319E79AA7003912B0 /* btnFbs.png in Resources */ = {isa = PBXBuildFile; fileRef = EC701BAF19E79AA7003912B0 /* btnFbs.png */; };
		EC701BBD19E848CB003912B0 /* Product.m in Sources */ = {isa = PBXBuildFile; fileRef = EC701BBC19E848CB003912B0 /* Product.m */; };
		EC701BC019E8633B003912B0 /* APIManager.m in Sources */ = {isa = PBXBuildFile; fileRef = EC701BBF19E8633B003912B0 /* APIManager.m */; };
		EC701BC319E87259003912B0 /* User.m in Sources */ = {isa = PBXBuildFile; fileRef = EC701BC219E87259003912B0 /* User.m */; };
		EC701BC619E8B70B003912B0 /* placeholder@2x.png in Resources */ = {isa = PBXBuildFile; fileRef = EC701BC419E8B70B003912B0 /* placeholder@2x.png */; };
		EC701BC719E8B70B003912B0 /* placeholder.png in Resources */ = {isa = PBXBuildFile; fileRef = EC701BC519E8B70B003912B0 /* placeholder.png */; };
		EC701BCA19E8EE62003912B0 /* star@2x.png in Resources */ = {isa = PBXBuildFile; fileRef = EC701BC819E8EE62003912B0 /* star@2x.png */; };
		EC701BCB19E8EE62003912B0 /* star.png in Resources */ = {isa = PBXBuildFile; fileRef = EC701BC919E8EE62003912B0 /* star.png */; };
		EC701BD019E9A889003912B0 /* AccountViewController.m in Sources */ = {isa = PBXBuildFile; fileRef = EC701BCF19E9A889003912B0 /* AccountViewController.m */; };
		EC701BDD19E9DA43003912B0 /* starBig@2x.png in Resources */ = {isa = PBXBuildFile; fileRef = EC701BD119E9DA43003912B0 /* starBig@2x.png */; };
		EC701BDE19E9DA43003912B0 /* starBig.png in Resources */ = {isa = PBXBuildFile; fileRef = EC701BD219E9DA43003912B0 /* starBig.png */; };
		EC701BDF19E9DA43003912B0 /* starBig_off@2x.png in Resources */ = {isa = PBXBuildFile; fileRef = EC701BD319E9DA43003912B0 /* starBig_off@2x.png */; };
		EC701BE019E9DA43003912B0 /* starBig_off.png in Resources */ = {isa = PBXBuildFile; fileRef = EC701BD419E9DA43003912B0 /* starBig_off.png */; };
		EC701BE119E9DA43003912B0 /* btnHis@2x.png in Resources */ = {isa = PBXBuildFile; fileRef = EC701BD519E9DA43003912B0 /* btnHis@2x.png */; };
		EC701BE219E9DA43003912B0 /* btnHis.png in Resources */ = {isa = PBXBuildFile; fileRef = EC701BD619E9DA43003912B0 /* btnHis.png */; };
		EC701BE319E9DA43003912B0 /* btnFavorite_on@2x.png in Resources */ = {isa = PBXBuildFile; fileRef = EC701BD719E9DA43003912B0 /* btnFavorite_on@2x.png */; };
		EC701BE419E9DA43003912B0 /* btnFavorite_on.png in Resources */ = {isa = PBXBuildFile; fileRef = EC701BD819E9DA43003912B0 /* btnFavorite_on.png */; };
		EC701BE519E9DA43003912B0 /* btnFavorite_off@2x.png in Resources */ = {isa = PBXBuildFile; fileRef = EC701BD919E9DA43003912B0 /* btnFavorite_off@2x.png */; };
		EC701BE619E9DA43003912B0 /* btnFavorite_off.png in Resources */ = {isa = PBXBuildFile; fileRef = EC701BDA19E9DA43003912B0 /* btnFavorite_off.png */; };
		EC701BE719E9DA43003912B0 /* btnFav@2x.png in Resources */ = {isa = PBXBuildFile; fileRef = EC701BDB19E9DA43003912B0 /* btnFav@2x.png */; };
		EC701BE819E9DA43003912B0 /* btnFav.png in Resources */ = {isa = PBXBuildFile; fileRef = EC701BDC19E9DA43003912B0 /* btnFav.png */; };
		EC701BEB19E9DA4C003912B0 /* star_off@2x.png in Resources */ = {isa = PBXBuildFile; fileRef = EC701BE919E9DA4C003912B0 /* star_off@2x.png */; };
		EC701BEC19E9DA4C003912B0 /* star_off.png in Resources */ = {isa = PBXBuildFile; fileRef = EC701BEA19E9DA4C003912B0 /* star_off.png */; };
		EC701BEF19E9F40B003912B0 /* EditAccountViewController.m in Sources */ = {isa = PBXBuildFile; fileRef = EC701BEE19E9F40B003912B0 /* EditAccountViewController.m */; };
		EC701BF419EAF7DC003912B0 /* MenuView.m in Sources */ = {isa = PBXBuildFile; fileRef = EC701BF319EAF7DC003912B0 /* MenuView.m */; };
		EC703F3719EC9361000C24CF /* stars.m in Sources */ = {isa = PBXBuildFile; fileRef = EC703F3619EC9361000C24CF /* stars.m */; };
		EC703F3A19ED6966000C24CF /* TSButton.m in Sources */ = {isa = PBXBuildFile; fileRef = EC703F3919ED6966000C24CF /* TSButton.m */; };
		EC703F3C19ED7AEA000C24CF /* Social.framework in Frameworks */ = {isa = PBXBuildFile; fileRef = EC703F3B19ED7AEA000C24CF /* Social.framework */; };
		EC703F3F19ED7EED000C24CF /* GenTableViewController.m in Sources */ = {isa = PBXBuildFile; fileRef = EC703F3E19ED7EED000C24CF /* GenTableViewController.m */; };
		EC703F4219EE029D000C24CF /* Filter.m in Sources */ = {isa = PBXBuildFile; fileRef = EC703F4119EE029D000C24CF /* Filter.m */; };
		EC703F4519EE0EC8000C24CF /* JOAlert.m in Sources */ = {isa = PBXBuildFile; fileRef = EC703F4419EE0EC8000C24CF /* JOAlert.m */; };
		EC74AFE319E5DBA700DB431A /* btnArr@2x.png in Resources */ = {isa = PBXBuildFile; fileRef = EC74AFE119E5DBA700DB431A /* btnArr@2x.png */; };
		EC74AFE419E5DBA700DB431A /* btnArr.png in Resources */ = {isa = PBXBuildFile; fileRef = EC74AFE219E5DBA700DB431A /* btnArr.png */; };
		EC74AFE719E6148300DB431A /* InformationViewController.m in Sources */ = {isa = PBXBuildFile; fileRef = EC74AFE619E6148300DB431A /* InformationViewController.m */; };
		EC74AFEC19E6FBDB00DB431A /* OrderViewController.m in Sources */ = {isa = PBXBuildFile; fileRef = EC74AFEB19E6FBDB00DB431A /* OrderViewController.m */; };
		ECB6033B1A35643D00E5DBC4 /* dps-01.jpg in Resources */ = {isa = PBXBuildFile; fileRef = ECB603391A35643D00E5DBC4 /* dps-01.jpg */; };
		ECB6033C1A35643D00E5DBC4 /* dps-01@2x.jpg in Resources */ = {isa = PBXBuildFile; fileRef = ECB6033A1A35643D00E5DBC4 /* dps-01@2x.jpg */; };
		ECC1090119E481DD003335EF /* RegisterViewController.m in Sources */ = {isa = PBXBuildFile; fileRef = ECC1090019E481DD003335EF /* RegisterViewController.m */; };
		ECC1090719E4A11E003335EF /* RememberViewController.m in Sources */ = {isa = PBXBuildFile; fileRef = ECC1090619E4A11E003335EF /* RememberViewController.m */; };
		ECC1090A19E4B2BA003335EF /* LogViewController.m in Sources */ = {isa = PBXBuildFile; fileRef = ECC1090919E4B2BA003335EF /* LogViewController.m */; };
		ECCEECE919DF4DF8007A88B6 /* amasijos3.jpg in Resources */ = {isa = PBXBuildFile; fileRef = ECCEECE819DF4DF8007A88B6 /* amasijos3.jpg */; };
		ECCEECEC19DF9107007A88B6 /* ProductsTableViewCell.m in Sources */ = {isa = PBXBuildFile; fileRef = ECCEECEB19DF9107007A88B6 /* ProductsTableViewCell.m */; };
		ECCEECF319E099F2007A88B6 /* btnUserMenu.png in Resources */ = {isa = PBXBuildFile; fileRef = ECCEECEE19E099F2007A88B6 /* btnUserMenu.png */; };
		ECCEECF419E099F2007A88B6 /* btnSearchMenu@2x.png in Resources */ = {isa = PBXBuildFile; fileRef = ECCEECEF19E099F2007A88B6 /* btnSearchMenu@2x.png */; };
		ECCEECF519E099F2007A88B6 /* btnSearchMenu.png in Resources */ = {isa = PBXBuildFile; fileRef = ECCEECF019E099F2007A88B6 /* btnSearchMenu.png */; };
		ECCEECF619E099F2007A88B6 /* btnAddMenu@2x.png in Resources */ = {isa = PBXBuildFile; fileRef = ECCEECF119E099F2007A88B6 /* btnAddMenu@2x.png */; };
		ECCEECF719E099F2007A88B6 /* btnAddMenu.png in Resources */ = {isa = PBXBuildFile; fileRef = ECCEECF219E099F2007A88B6 /* btnAddMenu.png */; };
		ECCEECF919E0B0D8007A88B6 /* btnUserMenu@2x.png in Resources */ = {isa = PBXBuildFile; fileRef = ECCEECF819E0B0D8007A88B6 /* btnUserMenu@2x.png */; };
		ECCEECFC19E227D6007A88B6 /* ProductDetailViewController.m in Sources */ = {isa = PBXBuildFile; fileRef = ECCEECFB19E227D6007A88B6 /* ProductDetailViewController.m */; };
		ECCEECFF19E2636B007A88B6 /* btnStar@2x.png in Resources */ = {isa = PBXBuildFile; fileRef = ECCEECFD19E2636B007A88B6 /* btnStar@2x.png */; };
		ECCEED0019E2636B007A88B6 /* btnStar.png in Resources */ = {isa = PBXBuildFile; fileRef = ECCEECFE19E2636B007A88B6 /* btnStar.png */; };
		ECCEED0519E26605007A88B6 /* FilterViewController.m in Sources */ = {isa = PBXBuildFile; fileRef = ECCEED0419E26605007A88B6 /* FilterViewController.m */; };
		ECCEED0819E279F5007A88B6 /* btnStar_on@2x.png in Resources */ = {isa = PBXBuildFile; fileRef = ECCEED0619E279F5007A88B6 /* btnStar_on@2x.png */; };
		ECCEED0919E279F5007A88B6 /* btnStar_on.png in Resources */ = {isa = PBXBuildFile; fileRef = ECCEED0719E279F5007A88B6 /* btnStar_on.png */; };
		ECCEED0D19E2F09C007A88B6 /* OfferViewController.m in Sources */ = {isa = PBXBuildFile; fileRef = ECCEED0C19E2F09C007A88B6 /* OfferViewController.m */; };
		ECCEED0F19E31110007A88B6 /* CoreGraphics.framework in Frameworks */ = {isa = PBXBuildFile; fileRef = ECCEED0E19E31110007A88B6 /* CoreGraphics.framework */; };
		ECCEED1119E3111E007A88B6 /* UIKit.framework in Frameworks */ = {isa = PBXBuildFile; fileRef = ECCEED1019E3111E007A88B6 /* UIKit.framework */; };
		ECCEED1319E3115C007A88B6 /* Foundation.framework in Frameworks */ = {isa = PBXBuildFile; fileRef = ECCEED1219E3115C007A88B6 /* Foundation.framework */; };
		ECCEED1519E31245007A88B6 /* GPUImage.framework in Frameworks */ = {isa = PBXBuildFile; fileRef = ECCEED1419E31245007A88B6 /* GPUImage.framework */; };
		ECCEED1819E392AA007A88B6 /* OfferProViewController.m in Sources */ = {isa = PBXBuildFile; fileRef = ECCEED1719E392AA007A88B6 /* OfferProViewController.m */; };
		ECCEED1B19E392F0007A88B6 /* OfferSerViewController.m in Sources */ = {isa = PBXBuildFile; fileRef = ECCEED1A19E392F0007A88B6 /* OfferSerViewController.m */; };
		ECCEED1E19E3A2C0007A88B6 /* ContainerViewOffer.m in Sources */ = {isa = PBXBuildFile; fileRef = ECCEED1C19E3A2C0007A88B6 /* ContainerViewOffer.m */; };
		ECD6D99D19DCF7D800B2F48E /* ProductsContViewController.m in Sources */ = {isa = PBXBuildFile; fileRef = ECD6D99C19DCF7D800B2F48E /* ProductsContViewController.m */; };
		ECD6D9A319DCFC0800B2F48E /* btnGrid.png in Resources */ = {isa = PBXBuildFile; fileRef = ECD6D99F19DCFC0800B2F48E /* btnGrid.png */; };
		ECD6D9A419DCFC0800B2F48E /* btnGrid@2x.png in Resources */ = {isa = PBXBuildFile; fileRef = ECD6D9A019DCFC0800B2F48E /* btnGrid@2x.png */; };
		ECD6D9A519DCFC0800B2F48E /* btnList.png in Resources */ = {isa = PBXBuildFile; fileRef = ECD6D9A119DCFC0800B2F48E /* btnList.png */; };
		ECD6D9A619DCFC0800B2F48E /* btnList@2x.png in Resources */ = {isa = PBXBuildFile; fileRef = ECD6D9A219DCFC0800B2F48E /* btnList@2x.png */; };
		ECD6D9AA19DD0B3900B2F48E /* ProductCollectionViewCell.m in Sources */ = {isa = PBXBuildFile; fileRef = ECD6D9A919DD0B3900B2F48E /* ProductCollectionViewCell.m */; };
		ECD6D9AC19DDFE8900B2F48E /* bgSearch.png in Resources */ = {isa = PBXBuildFile; fileRef = ECD6D9AB19DDFE8900B2F48E /* bgSearch.png */; };
		ECD994E419F4341700E70421 /* Provider.m in Sources */ = {isa = PBXBuildFile; fileRef = ECD994E319F4341700E70421 /* Provider.m */; };
		ECD994EE19F48DC000E70421 /* fr-01.png in Resources */ = {isa = PBXBuildFile; fileRef = ECD994E619F48DC000E70421 /* fr-01.png */; };
		ECD994EF19F48DC000E70421 /* fr-01@2x.png in Resources */ = {isa = PBXBuildFile; fileRef = ECD994E719F48DC000E70421 /* fr-01@2x.png */; };
		ECD994F019F48DC000E70421 /* fr-02.png in Resources */ = {isa = PBXBuildFile; fileRef = ECD994E819F48DC000E70421 /* fr-02.png */; };
		ECD994F119F48DC000E70421 /* fr-02@2x.png in Resources */ = {isa = PBXBuildFile; fileRef = ECD994E919F48DC000E70421 /* fr-02@2x.png */; };
		ECD994F219F48DC000E70421 /* fr-03.png in Resources */ = {isa = PBXBuildFile; fileRef = ECD994EA19F48DC000E70421 /* fr-03.png */; };
		ECD994F319F48DC000E70421 /* fr-03@2x.png in Resources */ = {isa = PBXBuildFile; fileRef = ECD994EB19F48DC000E70421 /* fr-03@2x.png */; };
		ECD994F419F48DC000E70421 /* fr-04.png in Resources */ = {isa = PBXBuildFile; fileRef = ECD994EC19F48DC000E70421 /* fr-04.png */; };
		ECD994F519F48DC000E70421 /* fr-04@2x.png in Resources */ = {isa = PBXBuildFile; fileRef = ECD994ED19F48DC000E70421 /* fr-04@2x.png */; };
		ECEAF28219EF6CBD00FCA68E /* SLT.db in Resources */ = {isa = PBXBuildFile; fileRef = ECEAF28119EF6CBD00FCA68E /* SLT.db */; };
		ECEAF28519EF721800FCA68E /* Connection.m in Sources */ = {isa = PBXBuildFile; fileRef = ECEAF28319EF721800FCA68E /* Connection.m */; };
		ECEAF28719EF722F00FCA68E /* libsqlite3.0.dylib in Frameworks */ = {isa = PBXBuildFile; fileRef = ECEAF28619EF722F00FCA68E /* libsqlite3.0.dylib */; };
		ECF3FF7619F1911500011935 /* logosDPS@2x.png in Resources */ = {isa = PBXBuildFile; fileRef = ECF3FF7219F1911500011935 /* logosDPS@2x.png */; };
		ECF3FF7719F1911500011935 /* logosDPS.png in Resources */ = {isa = PBXBuildFile; fileRef = ECF3FF7319F1911500011935 /* logosDPS.png */; };
		ECF3FF7819F1911500011935 /* logoMinTIC@2x.png in Resources */ = {isa = PBXBuildFile; fileRef = ECF3FF7419F1911500011935 /* logoMinTIC@2x.png */; };
		ECF3FF7919F1911500011935 /* logoMinTIC.png in Resources */ = {isa = PBXBuildFile; fileRef = ECF3FF7519F1911500011935 /* logoMinTIC.png */; };
		ECFB47ED19DC60BC005B7E16 /* ProductTableViewController.m in Sources */ = {isa = PBXBuildFile; fileRef = ECFB47EC19DC60BC005B7E16 /* ProductTableViewController.m */; };
		ECFB47F019DC60F2005B7E16 /* ProductsViewController.m in Sources */ = {isa = PBXBuildFile; fileRef = ECFB47EF19DC60F2005B7E16 /* ProductsViewController.m */; };
/* End PBXBuildFile section */

/* Begin PBXContainerItemProxy section */
		EC108B9019D8E2F000CBBC17 /* PBXContainerItemProxy */ = {
			isa = PBXContainerItemProxy;
			containerPortal = EC108B6B19D8E2F000CBBC17 /* Project object */;
			proxyType = 1;
			remoteGlobalIDString = EC108B7219D8E2F000CBBC17;
			remoteInfo = "Se Le Tiene";
		};
/* End PBXContainerItemProxy section */

/* Begin PBXFileReference section */
		4630E06125C741DC9F43B19D /* libPods.a */ = {isa = PBXFileReference; explicitFileType = archive.ar; includeInIndex = 0; path = libPods.a; sourceTree = BUILT_PRODUCTS_DIR; };
		B7D375C2BC3079E9E5DADD6E /* Pods.debug.xcconfig */ = {isa = PBXFileReference; includeInIndex = 1; lastKnownFileType = text.xcconfig; name = Pods.debug.xcconfig; path = "Pods/Target Support Files/Pods/Pods.debug.xcconfig"; sourceTree = "<group>"; };
		D3A6F573BAE92418E9795F65 /* Pods.release.xcconfig */ = {isa = PBXFileReference; includeInIndex = 1; lastKnownFileType = text.xcconfig; name = Pods.release.xcconfig; path = "Pods/Target Support Files/Pods/Pods.release.xcconfig"; sourceTree = "<group>"; };
		EC108B7319D8E2F000CBBC17 /* Se Le Tiene.app */ = {isa = PBXFileReference; explicitFileType = wrapper.application; includeInIndex = 0; path = "Se Le Tiene.app"; sourceTree = BUILT_PRODUCTS_DIR; };
		EC108B7719D8E2F000CBBC17 /* Info.plist */ = {isa = PBXFileReference; lastKnownFileType = text.plist.xml; path = Info.plist; sourceTree = "<group>"; };
		EC108B7819D8E2F000CBBC17 /* main.m */ = {isa = PBXFileReference; lastKnownFileType = sourcecode.c.objc; path = main.m; sourceTree = "<group>"; };
		EC108B7A19D8E2F000CBBC17 /* AppDelegate.h */ = {isa = PBXFileReference; lastKnownFileType = sourcecode.c.h; path = AppDelegate.h; sourceTree = "<group>"; };
		EC108B7B19D8E2F000CBBC17 /* AppDelegate.m */ = {isa = PBXFileReference; lastKnownFileType = sourcecode.c.objc; path = AppDelegate.m; sourceTree = "<group>"; };
		EC108B7E19D8E2F000CBBC17 /* Se_Le_Tiene.xcdatamodel */ = {isa = PBXFileReference; lastKnownFileType = wrapper.xcdatamodel; path = Se_Le_Tiene.xcdatamodel; sourceTree = "<group>"; };
		EC108B8419D8E2F000CBBC17 /* Base */ = {isa = PBXFileReference; lastKnownFileType = file.storyboard; name = Base; path = Base.lproj/Main.storyboard; sourceTree = "<group>"; };
		EC108B8619D8E2F000CBBC17 /* Images.xcassets */ = {isa = PBXFileReference; lastKnownFileType = folder.assetcatalog; path = Images.xcassets; sourceTree = "<group>"; };
		EC108B8919D8E2F000CBBC17 /* Base */ = {isa = PBXFileReference; lastKnownFileType = file.xib; name = Base; path = Base.lproj/LaunchScreen.xib; sourceTree = "<group>"; };
		EC108B8F19D8E2F000CBBC17 /* Se Le TieneTests.xctest */ = {isa = PBXFileReference; explicitFileType = wrapper.cfbundle; includeInIndex = 0; path = "Se Le TieneTests.xctest"; sourceTree = BUILT_PRODUCTS_DIR; };
		EC108B9419D8E2F000CBBC17 /* Info.plist */ = {isa = PBXFileReference; lastKnownFileType = text.plist.xml; path = Info.plist; sourceTree = "<group>"; };
		EC108B9519D8E2F000CBBC17 /* Se_Le_TieneTests.m */ = {isa = PBXFileReference; lastKnownFileType = sourcecode.c.objc; path = Se_Le_TieneTests.m; sourceTree = "<group>"; };
		EC108BEF19DA108B00CBBC17 /* btnBlue.png */ = {isa = PBXFileReference; lastKnownFileType = image.png; path = btnBlue.png; sourceTree = "<group>"; };
		EC108BF019DA108B00CBBC17 /* btnBlue@2x.png */ = {isa = PBXFileReference; lastKnownFileType = image.png; path = "btnBlue@2x.png"; sourceTree = "<group>"; };
		EC108BF119DA108B00CBBC17 /* btnEmail.png */ = {isa = PBXFileReference; lastKnownFileType = image.png; path = btnEmail.png; sourceTree = "<group>"; };
		EC108BF219DA108B00CBBC17 /* btnEmail@2x.png */ = {isa = PBXFileReference; lastKnownFileType = image.png; path = "btnEmail@2x.png"; sourceTree = "<group>"; };
		EC108BF319DA108B00CBBC17 /* btnFacebook.png */ = {isa = PBXFileReference; lastKnownFileType = image.png; path = btnFacebook.png; sourceTree = "<group>"; };
		EC108BF419DA108B00CBBC17 /* btnFacebook@2x.png */ = {isa = PBXFileReference; lastKnownFileType = image.png; path = "btnFacebook@2x.png"; sourceTree = "<group>"; };
		EC108BF519DA108B00CBBC17 /* btnInfo.png */ = {isa = PBXFileReference; lastKnownFileType = image.png; path = btnInfo.png; sourceTree = "<group>"; };
		EC108BF619DA108B00CBBC17 /* btnInfo@2x.png */ = {isa = PBXFileReference; lastKnownFileType = image.png; path = "btnInfo@2x.png"; sourceTree = "<group>"; };
		EC108BF719DA108B00CBBC17 /* logo.png */ = {isa = PBXFileReference; lastKnownFileType = image.png; path = logo.png; sourceTree = "<group>"; };
		EC108BF819DA108B00CBBC17 /* logo@2x.png */ = {isa = PBXFileReference; lastKnownFileType = image.png; path = "logo@2x.png"; sourceTree = "<group>"; };
		EC108C0519DA16A300CBBC17 /* bg.jpg */ = {isa = PBXFileReference; lastKnownFileType = image.jpeg; path = bg.jpg; sourceTree = "<group>"; };
		EC108C0619DA16A300CBBC17 /* bg@2x.jpg */ = {isa = PBXFileReference; lastKnownFileType = image.jpeg; path = "bg@2x.jpg"; sourceTree = "<group>"; };
		EC1F86B219DBA41D0019CA9F /* LoginViewController.h */ = {isa = PBXFileReference; fileEncoding = 4; lastKnownFileType = sourcecode.c.h; name = LoginViewController.h; path = Views/LoginViewController.h; sourceTree = "<group>"; };
		EC1F86B319DBA41D0019CA9F /* LoginViewController.m */ = {isa = PBXFileReference; fileEncoding = 4; lastKnownFileType = sourcecode.c.objc; name = LoginViewController.m; path = Views/LoginViewController.m; sourceTree = "<group>"; };
		EC66560319DE44C1005B0B00 /* btnSearch@2x.png */ = {isa = PBXFileReference; lastKnownFileType = image.png; path = "btnSearch@2x.png"; sourceTree = "<group>"; };
		EC66560419DE44C1005B0B00 /* btnSearch.png */ = {isa = PBXFileReference; lastKnownFileType = image.png; path = btnSearch.png; sourceTree = "<group>"; };
		EC66560719DE5486005B0B00 /* NVControllerGeneric.m */ = {isa = PBXFileReference; fileEncoding = 4; lastKnownFileType = sourcecode.c.objc; name = NVControllerGeneric.m; path = Views/Components/NVControllerGeneric.m; sourceTree = "<group>"; };
		EC66560819DE5486005B0B00 /* NVControllerGeneric.h */ = {isa = PBXFileReference; fileEncoding = 4; lastKnownFileType = sourcecode.c.h; name = NVControllerGeneric.h; path = Views/Components/NVControllerGeneric.h; sourceTree = "<group>"; };
		EC66560A19DE56CF005B0B00 /* logoHeader@2x.png */ = {isa = PBXFileReference; lastKnownFileType = image.png; path = "logoHeader@2x.png"; sourceTree = "<group>"; };
		EC66560B19DE56CF005B0B00 /* logoHeader.png */ = {isa = PBXFileReference; lastKnownFileType = image.png; path = logoHeader.png; sourceTree = "<group>"; };
		EC66560C19DE56CF005B0B00 /* bgHeader.png */ = {isa = PBXFileReference; lastKnownFileType = image.png; path = bgHeader.png; sourceTree = "<group>"; };
		EC66561019DEFDB6005B0B00 /* ContainerViewController.m */ = {isa = PBXFileReference; fileEncoding = 4; lastKnownFileType = sourcecode.c.objc; name = ContainerViewController.m; path = Views/Components/ContainerViewController.m; sourceTree = "<group>"; };
		EC66561119DEFDB6005B0B00 /* ContainerViewController.h */ = {isa = PBXFileReference; fileEncoding = 4; lastKnownFileType = sourcecode.c.h; name = ContainerViewController.h; path = Views/Components/ContainerViewController.h; sourceTree = "<group>"; };
		EC66561319DF01AB005B0B00 /* EmptySegue.m */ = {isa = PBXFileReference; fileEncoding = 4; lastKnownFileType = sourcecode.c.objc; name = EmptySegue.m; path = Views/Components/EmptySegue.m; sourceTree = "<group>"; };
		EC66561419DF01AB005B0B00 /* EmptySegue.h */ = {isa = PBXFileReference; fileEncoding = 4; lastKnownFileType = sourcecode.c.h; name = EmptySegue.h; path = Views/Components/EmptySegue.h; sourceTree = "<group>"; };
		EC701BA819E77DC2003912B0 /* bgContact@2x.png */ = {isa = PBXFileReference; lastKnownFileType = image.png; path = "bgContact@2x.png"; sourceTree = "<group>"; };
		EC701BA919E77DC2003912B0 /* bgContact.png */ = {isa = PBXFileReference; lastKnownFileType = image.png; path = bgContact.png; sourceTree = "<group>"; };
		EC701BAC19E79AA7003912B0 /* btnTws@2x.png */ = {isa = PBXFileReference; lastKnownFileType = image.png; path = "btnTws@2x.png"; sourceTree = "<group>"; };
		EC701BAD19E79AA7003912B0 /* btnTws.png */ = {isa = PBXFileReference; lastKnownFileType = image.png; path = btnTws.png; sourceTree = "<group>"; };
		EC701BAE19E79AA7003912B0 /* btnFbs@2x.png */ = {isa = PBXFileReference; lastKnownFileType = image.png; path = "btnFbs@2x.png"; sourceTree = "<group>"; };
		EC701BAF19E79AA7003912B0 /* btnFbs.png */ = {isa = PBXFileReference; lastKnownFileType = image.png; path = btnFbs.png; sourceTree = "<group>"; };
		EC701BBB19E848CB003912B0 /* Product.h */ = {isa = PBXFileReference; fileEncoding = 4; lastKnownFileType = sourcecode.c.h; name = Product.h; path = Classes/Product.h; sourceTree = "<group>"; };
		EC701BBC19E848CB003912B0 /* Product.m */ = {isa = PBXFileReference; fileEncoding = 4; lastKnownFileType = sourcecode.c.objc; name = Product.m; path = Classes/Product.m; sourceTree = "<group>"; };
		EC701BBE19E8633B003912B0 /* APIManager.h */ = {isa = PBXFileReference; fileEncoding = 4; lastKnownFileType = sourcecode.c.h; name = APIManager.h; path = Classes/APIManager.h; sourceTree = "<group>"; };
		EC701BBF19E8633B003912B0 /* APIManager.m */ = {isa = PBXFileReference; fileEncoding = 4; lastKnownFileType = sourcecode.c.objc; name = APIManager.m; path = Classes/APIManager.m; sourceTree = "<group>"; };
		EC701BC119E87259003912B0 /* User.h */ = {isa = PBXFileReference; fileEncoding = 4; lastKnownFileType = sourcecode.c.h; name = User.h; path = Classes/User.h; sourceTree = "<group>"; };
		EC701BC219E87259003912B0 /* User.m */ = {isa = PBXFileReference; fileEncoding = 4; lastKnownFileType = sourcecode.c.objc; name = User.m; path = Classes/User.m; sourceTree = "<group>"; };
		EC701BC419E8B70B003912B0 /* placeholder@2x.png */ = {isa = PBXFileReference; lastKnownFileType = image.png; path = "placeholder@2x.png"; sourceTree = "<group>"; };
		EC701BC519E8B70B003912B0 /* placeholder.png */ = {isa = PBXFileReference; lastKnownFileType = image.png; path = placeholder.png; sourceTree = "<group>"; };
		EC701BC819E8EE62003912B0 /* star@2x.png */ = {isa = PBXFileReference; lastKnownFileType = image.png; path = "star@2x.png"; sourceTree = "<group>"; };
		EC701BC919E8EE62003912B0 /* star.png */ = {isa = PBXFileReference; lastKnownFileType = image.png; path = star.png; sourceTree = "<group>"; };
		EC701BCE19E9A889003912B0 /* AccountViewController.h */ = {isa = PBXFileReference; fileEncoding = 4; lastKnownFileType = sourcecode.c.h; name = AccountViewController.h; path = Views/Account/AccountViewController.h; sourceTree = "<group>"; };
		EC701BCF19E9A889003912B0 /* AccountViewController.m */ = {isa = PBXFileReference; fileEncoding = 4; lastKnownFileType = sourcecode.c.objc; name = AccountViewController.m; path = Views/Account/AccountViewController.m; sourceTree = "<group>"; };
		EC701BD119E9DA43003912B0 /* starBig@2x.png */ = {isa = PBXFileReference; lastKnownFileType = image.png; path = "starBig@2x.png"; sourceTree = "<group>"; };
		EC701BD219E9DA43003912B0 /* starBig.png */ = {isa = PBXFileReference; lastKnownFileType = image.png; path = starBig.png; sourceTree = "<group>"; };
		EC701BD319E9DA43003912B0 /* starBig_off@2x.png */ = {isa = PBXFileReference; lastKnownFileType = image.png; path = "starBig_off@2x.png"; sourceTree = "<group>"; };
		EC701BD419E9DA43003912B0 /* starBig_off.png */ = {isa = PBXFileReference; lastKnownFileType = image.png; path = starBig_off.png; sourceTree = "<group>"; };
		EC701BD519E9DA43003912B0 /* btnHis@2x.png */ = {isa = PBXFileReference; lastKnownFileType = image.png; path = "btnHis@2x.png"; sourceTree = "<group>"; };
		EC701BD619E9DA43003912B0 /* btnHis.png */ = {isa = PBXFileReference; lastKnownFileType = image.png; path = btnHis.png; sourceTree = "<group>"; };
		EC701BD719E9DA43003912B0 /* btnFavorite_on@2x.png */ = {isa = PBXFileReference; lastKnownFileType = image.png; path = "btnFavorite_on@2x.png"; sourceTree = "<group>"; };
		EC701BD819E9DA43003912B0 /* btnFavorite_on.png */ = {isa = PBXFileReference; lastKnownFileType = image.png; path = btnFavorite_on.png; sourceTree = "<group>"; };
		EC701BD919E9DA43003912B0 /* btnFavorite_off@2x.png */ = {isa = PBXFileReference; lastKnownFileType = image.png; path = "btnFavorite_off@2x.png"; sourceTree = "<group>"; };
		EC701BDA19E9DA43003912B0 /* btnFavorite_off.png */ = {isa = PBXFileReference; lastKnownFileType = image.png; path = btnFavorite_off.png; sourceTree = "<group>"; };
		EC701BDB19E9DA43003912B0 /* btnFav@2x.png */ = {isa = PBXFileReference; lastKnownFileType = image.png; path = "btnFav@2x.png"; sourceTree = "<group>"; };
		EC701BDC19E9DA43003912B0 /* btnFav.png */ = {isa = PBXFileReference; lastKnownFileType = image.png; path = btnFav.png; sourceTree = "<group>"; };
		EC701BE919E9DA4C003912B0 /* star_off@2x.png */ = {isa = PBXFileReference; lastKnownFileType = image.png; path = "star_off@2x.png"; sourceTree = "<group>"; };
		EC701BEA19E9DA4C003912B0 /* star_off.png */ = {isa = PBXFileReference; lastKnownFileType = image.png; path = star_off.png; sourceTree = "<group>"; };
		EC701BED19E9F40B003912B0 /* EditAccountViewController.h */ = {isa = PBXFileReference; fileEncoding = 4; lastKnownFileType = sourcecode.c.h; name = EditAccountViewController.h; path = Views/Account/EditAccountViewController.h; sourceTree = "<group>"; };
		EC701BEE19E9F40B003912B0 /* EditAccountViewController.m */ = {isa = PBXFileReference; fileEncoding = 4; lastKnownFileType = sourcecode.c.objc; name = EditAccountViewController.m; path = Views/Account/EditAccountViewController.m; sourceTree = "<group>"; };
		EC701BF019EA3D67003912B0 /* QuartzCore.framework */ = {isa = PBXFileReference; lastKnownFileType = wrapper.framework; name = QuartzCore.framework; path = System/Library/Frameworks/QuartzCore.framework; sourceTree = SDKROOT; };
		EC701BF219EAF7DC003912B0 /* MenuView.h */ = {isa = PBXFileReference; fileEncoding = 4; lastKnownFileType = sourcecode.c.h; name = MenuView.h; path = Views/Components/MenuView.h; sourceTree = "<group>"; };
		EC701BF319EAF7DC003912B0 /* MenuView.m */ = {isa = PBXFileReference; fileEncoding = 4; lastKnownFileType = sourcecode.c.objc; name = MenuView.m; path = Views/Components/MenuView.m; sourceTree = "<group>"; };
		EC703F3519EC9361000C24CF /* stars.h */ = {isa = PBXFileReference; fileEncoding = 4; lastKnownFileType = sourcecode.c.h; name = stars.h; path = Views/Components/stars.h; sourceTree = "<group>"; };
		EC703F3619EC9361000C24CF /* stars.m */ = {isa = PBXFileReference; fileEncoding = 4; lastKnownFileType = sourcecode.c.objc; name = stars.m; path = Views/Components/stars.m; sourceTree = "<group>"; };
		EC703F3819ED6966000C24CF /* TSButton.h */ = {isa = PBXFileReference; fileEncoding = 4; lastKnownFileType = sourcecode.c.h; name = TSButton.h; path = Views/Components/TSButton.h; sourceTree = "<group>"; };
		EC703F3919ED6966000C24CF /* TSButton.m */ = {isa = PBXFileReference; fileEncoding = 4; lastKnownFileType = sourcecode.c.objc; name = TSButton.m; path = Views/Components/TSButton.m; sourceTree = "<group>"; };
		EC703F3B19ED7AEA000C24CF /* Social.framework */ = {isa = PBXFileReference; lastKnownFileType = wrapper.framework; name = Social.framework; path = System/Library/Frameworks/Social.framework; sourceTree = SDKROOT; };
		EC703F3D19ED7EED000C24CF /* GenTableViewController.h */ = {isa = PBXFileReference; fileEncoding = 4; lastKnownFileType = sourcecode.c.h; name = GenTableViewController.h; path = Views/Components/GenTableViewController.h; sourceTree = "<group>"; };
		EC703F3E19ED7EED000C24CF /* GenTableViewController.m */ = {isa = PBXFileReference; fileEncoding = 4; lastKnownFileType = sourcecode.c.objc; name = GenTableViewController.m; path = Views/Components/GenTableViewController.m; sourceTree = "<group>"; };
		EC703F4019EE029C000C24CF /* Filter.h */ = {isa = PBXFileReference; fileEncoding = 4; lastKnownFileType = sourcecode.c.h; name = Filter.h; path = Classes/Filter.h; sourceTree = "<group>"; };
		EC703F4119EE029D000C24CF /* Filter.m */ = {isa = PBXFileReference; fileEncoding = 4; lastKnownFileType = sourcecode.c.objc; name = Filter.m; path = Classes/Filter.m; sourceTree = "<group>"; };
		EC703F4319EE0EC8000C24CF /* JOAlert.h */ = {isa = PBXFileReference; fileEncoding = 4; lastKnownFileType = sourcecode.c.h; name = JOAlert.h; path = Views/Components/JOAlert.h; sourceTree = "<group>"; };
		EC703F4419EE0EC8000C24CF /* JOAlert.m */ = {isa = PBXFileReference; fileEncoding = 4; lastKnownFileType = sourcecode.c.objc; name = JOAlert.m; path = Views/Components/JOAlert.m; sourceTree = "<group>"; };
		EC74AFE119E5DBA700DB431A /* btnArr@2x.png */ = {isa = PBXFileReference; lastKnownFileType = image.png; path = "btnArr@2x.png"; sourceTree = "<group>"; };
		EC74AFE219E5DBA700DB431A /* btnArr.png */ = {isa = PBXFileReference; lastKnownFileType = image.png; path = btnArr.png; sourceTree = "<group>"; };
		EC74AFE519E6148300DB431A /* InformationViewController.h */ = {isa = PBXFileReference; fileEncoding = 4; lastKnownFileType = sourcecode.c.h; name = InformationViewController.h; path = Views/Information/InformationViewController.h; sourceTree = "<group>"; };
		EC74AFE619E6148300DB431A /* InformationViewController.m */ = {isa = PBXFileReference; fileEncoding = 4; lastKnownFileType = sourcecode.c.objc; name = InformationViewController.m; path = Views/Information/InformationViewController.m; sourceTree = "<group>"; };
		EC74AFEA19E6FBDB00DB431A /* OrderViewController.h */ = {isa = PBXFileReference; fileEncoding = 4; lastKnownFileType = sourcecode.c.h; name = OrderViewController.h; path = Views/Order/OrderViewController.h; sourceTree = "<group>"; };
		EC74AFEB19E6FBDB00DB431A /* OrderViewController.m */ = {isa = PBXFileReference; fileEncoding = 4; lastKnownFileType = sourcecode.c.objc; name = OrderViewController.m; path = Views/Order/OrderViewController.m; sourceTree = "<group>"; };
		ECB603391A35643D00E5DBC4 /* dps-01.jpg */ = {isa = PBXFileReference; lastKnownFileType = image.jpeg; path = "dps-01.jpg"; sourceTree = "<group>"; };
		ECB6033A1A35643D00E5DBC4 /* dps-01@2x.jpg */ = {isa = PBXFileReference; lastKnownFileType = image.jpeg; path = "dps-01@2x.jpg"; sourceTree = "<group>"; };
		ECC108FF19E481DD003335EF /* RegisterViewController.h */ = {isa = PBXFileReference; fileEncoding = 4; lastKnownFileType = sourcecode.c.h; name = RegisterViewController.h; path = Views/Register/RegisterViewController.h; sourceTree = "<group>"; };
		ECC1090019E481DD003335EF /* RegisterViewController.m */ = {isa = PBXFileReference; fileEncoding = 4; lastKnownFileType = sourcecode.c.objc; name = RegisterViewController.m; path = Views/Register/RegisterViewController.m; sourceTree = "<group>"; };
		ECC1090519E4A11E003335EF /* RememberViewController.h */ = {isa = PBXFileReference; fileEncoding = 4; lastKnownFileType = sourcecode.c.h; name = RememberViewController.h; path = Views/Register/RememberViewController.h; sourceTree = "<group>"; };
		ECC1090619E4A11E003335EF /* RememberViewController.m */ = {isa = PBXFileReference; fileEncoding = 4; lastKnownFileType = sourcecode.c.objc; name = RememberViewController.m; path = Views/Register/RememberViewController.m; sourceTree = "<group>"; };
		ECC1090819E4B2BA003335EF /* LogViewController.h */ = {isa = PBXFileReference; fileEncoding = 4; lastKnownFileType = sourcecode.c.h; name = LogViewController.h; path = Views/Register/LogViewController.h; sourceTree = "<group>"; };
		ECC1090919E4B2BA003335EF /* LogViewController.m */ = {isa = PBXFileReference; fileEncoding = 4; lastKnownFileType = sourcecode.c.objc; name = LogViewController.m; path = Views/Register/LogViewController.m; sourceTree = "<group>"; };
		ECCEECE819DF4DF8007A88B6 /* amasijos3.jpg */ = {isa = PBXFileReference; lastKnownFileType = image.jpeg; path = amasijos3.jpg; sourceTree = "<group>"; };
		ECCEECEA19DF9107007A88B6 /* ProductsTableViewCell.h */ = {isa = PBXFileReference; fileEncoding = 4; lastKnownFileType = sourcecode.c.h; name = ProductsTableViewCell.h; path = Views/Components/ProductsTableViewCell.h; sourceTree = "<group>"; };
		ECCEECEB19DF9107007A88B6 /* ProductsTableViewCell.m */ = {isa = PBXFileReference; fileEncoding = 4; lastKnownFileType = sourcecode.c.objc; name = ProductsTableViewCell.m; path = Views/Components/ProductsTableViewCell.m; sourceTree = "<group>"; };
		ECCEECEE19E099F2007A88B6 /* btnUserMenu.png */ = {isa = PBXFileReference; lastKnownFileType = image.png; path = btnUserMenu.png; sourceTree = "<group>"; };
		ECCEECEF19E099F2007A88B6 /* btnSearchMenu@2x.png */ = {isa = PBXFileReference; lastKnownFileType = image.png; path = "btnSearchMenu@2x.png"; sourceTree = "<group>"; };
		ECCEECF019E099F2007A88B6 /* btnSearchMenu.png */ = {isa = PBXFileReference; lastKnownFileType = image.png; path = btnSearchMenu.png; sourceTree = "<group>"; };
		ECCEECF119E099F2007A88B6 /* btnAddMenu@2x.png */ = {isa = PBXFileReference; lastKnownFileType = image.png; path = "btnAddMenu@2x.png"; sourceTree = "<group>"; };
		ECCEECF219E099F2007A88B6 /* btnAddMenu.png */ = {isa = PBXFileReference; lastKnownFileType = image.png; path = btnAddMenu.png; sourceTree = "<group>"; };
		ECCEECF819E0B0D8007A88B6 /* btnUserMenu@2x.png */ = {isa = PBXFileReference; lastKnownFileType = image.png; path = "btnUserMenu@2x.png"; sourceTree = "<group>"; };
		ECCEECFA19E227D6007A88B6 /* ProductDetailViewController.h */ = {isa = PBXFileReference; fileEncoding = 4; lastKnownFileType = sourcecode.c.h; name = ProductDetailViewController.h; path = Views/ProductDetailViewController.h; sourceTree = "<group>"; };
		ECCEECFB19E227D6007A88B6 /* ProductDetailViewController.m */ = {isa = PBXFileReference; fileEncoding = 4; lastKnownFileType = sourcecode.c.objc; name = ProductDetailViewController.m; path = Views/ProductDetailViewController.m; sourceTree = "<group>"; };
		ECCEECFD19E2636B007A88B6 /* btnStar@2x.png */ = {isa = PBXFileReference; lastKnownFileType = image.png; path = "btnStar@2x.png"; sourceTree = "<group>"; };
		ECCEECFE19E2636B007A88B6 /* btnStar.png */ = {isa = PBXFileReference; lastKnownFileType = image.png; path = btnStar.png; sourceTree = "<group>"; };
		ECCEED0319E26605007A88B6 /* FilterViewController.h */ = {isa = PBXFileReference; fileEncoding = 4; lastKnownFileType = sourcecode.c.h; name = FilterViewController.h; path = Views/Filter/FilterViewController.h; sourceTree = "<group>"; };
		ECCEED0419E26605007A88B6 /* FilterViewController.m */ = {isa = PBXFileReference; fileEncoding = 4; lastKnownFileType = sourcecode.c.objc; name = FilterViewController.m; path = Views/Filter/FilterViewController.m; sourceTree = "<group>"; };
		ECCEED0619E279F5007A88B6 /* btnStar_on@2x.png */ = {isa = PBXFileReference; lastKnownFileType = image.png; path = "btnStar_on@2x.png"; sourceTree = "<group>"; };
		ECCEED0719E279F5007A88B6 /* btnStar_on.png */ = {isa = PBXFileReference; lastKnownFileType = image.png; path = btnStar_on.png; sourceTree = "<group>"; };
		ECCEED0B19E2F09C007A88B6 /* OfferViewController.h */ = {isa = PBXFileReference; fileEncoding = 4; lastKnownFileType = sourcecode.c.h; name = OfferViewController.h; path = Views/Offer/OfferViewController.h; sourceTree = "<group>"; };
		ECCEED0C19E2F09C007A88B6 /* OfferViewController.m */ = {isa = PBXFileReference; fileEncoding = 4; lastKnownFileType = sourcecode.c.objc; name = OfferViewController.m; path = Views/Offer/OfferViewController.m; sourceTree = "<group>"; };
		ECCEED0E19E31110007A88B6 /* CoreGraphics.framework */ = {isa = PBXFileReference; lastKnownFileType = wrapper.framework; name = CoreGraphics.framework; path = System/Library/Frameworks/CoreGraphics.framework; sourceTree = SDKROOT; };
		ECCEED1019E3111E007A88B6 /* UIKit.framework */ = {isa = PBXFileReference; lastKnownFileType = wrapper.framework; name = UIKit.framework; path = System/Library/Frameworks/UIKit.framework; sourceTree = SDKROOT; };
		ECCEED1219E3115C007A88B6 /* Foundation.framework */ = {isa = PBXFileReference; lastKnownFileType = wrapper.framework; name = Foundation.framework; path = System/Library/Frameworks/Foundation.framework; sourceTree = SDKROOT; };
		ECCEED1419E31245007A88B6 /* GPUImage.framework */ = {isa = PBXFileReference; lastKnownFileType = wrapper.framework; name = GPUImage.framework; path = ../../../../Colors/Objc/colors/colors/GPUImage.framework; sourceTree = "<group>"; };
		ECCEED1619E392AA007A88B6 /* OfferProViewController.h */ = {isa = PBXFileReference; fileEncoding = 4; lastKnownFileType = sourcecode.c.h; name = OfferProViewController.h; path = Views/Offer/OfferProViewController.h; sourceTree = "<group>"; };
		ECCEED1719E392AA007A88B6 /* OfferProViewController.m */ = {isa = PBXFileReference; fileEncoding = 4; lastKnownFileType = sourcecode.c.objc; name = OfferProViewController.m; path = Views/Offer/OfferProViewController.m; sourceTree = "<group>"; };
		ECCEED1919E392F0007A88B6 /* OfferSerViewController.h */ = {isa = PBXFileReference; fileEncoding = 4; lastKnownFileType = sourcecode.c.h; name = OfferSerViewController.h; path = Views/Offer/OfferSerViewController.h; sourceTree = "<group>"; };
		ECCEED1A19E392F0007A88B6 /* OfferSerViewController.m */ = {isa = PBXFileReference; fileEncoding = 4; lastKnownFileType = sourcecode.c.objc; name = OfferSerViewController.m; path = Views/Offer/OfferSerViewController.m; sourceTree = "<group>"; };
		ECCEED1C19E3A2C0007A88B6 /* ContainerViewOffer.m */ = {isa = PBXFileReference; fileEncoding = 4; lastKnownFileType = sourcecode.c.objc; name = ContainerViewOffer.m; path = Views/Components/ContainerViewOffer.m; sourceTree = "<group>"; };
		ECCEED1D19E3A2C0007A88B6 /* ContainerViewOffer.h */ = {isa = PBXFileReference; fileEncoding = 4; lastKnownFileType = sourcecode.c.h; name = ContainerViewOffer.h; path = Views/Components/ContainerViewOffer.h; sourceTree = "<group>"; };
		ECD6D99B19DCF7D800B2F48E /* ProductsContViewController.h */ = {isa = PBXFileReference; fileEncoding = 4; lastKnownFileType = sourcecode.c.h; name = ProductsContViewController.h; path = Views/ProductsContViewController.h; sourceTree = "<group>"; };
		ECD6D99C19DCF7D800B2F48E /* ProductsContViewController.m */ = {isa = PBXFileReference; fileEncoding = 4; lastKnownFileType = sourcecode.c.objc; name = ProductsContViewController.m; path = Views/ProductsContViewController.m; sourceTree = "<group>"; };
		ECD6D99F19DCFC0800B2F48E /* btnGrid.png */ = {isa = PBXFileReference; lastKnownFileType = image.png; path = btnGrid.png; sourceTree = "<group>"; };
		ECD6D9A019DCFC0800B2F48E /* btnGrid@2x.png */ = {isa = PBXFileReference; lastKnownFileType = image.png; path = "btnGrid@2x.png"; sourceTree = "<group>"; };
		ECD6D9A119DCFC0800B2F48E /* btnList.png */ = {isa = PBXFileReference; lastKnownFileType = image.png; path = btnList.png; sourceTree = "<group>"; };
		ECD6D9A219DCFC0800B2F48E /* btnList@2x.png */ = {isa = PBXFileReference; lastKnownFileType = image.png; path = "btnList@2x.png"; sourceTree = "<group>"; };
		ECD6D9A819DD0B3900B2F48E /* ProductCollectionViewCell.h */ = {isa = PBXFileReference; fileEncoding = 4; lastKnownFileType = sourcecode.c.h; name = ProductCollectionViewCell.h; path = Views/Components/ProductCollectionViewCell.h; sourceTree = "<group>"; };
		ECD6D9A919DD0B3900B2F48E /* ProductCollectionViewCell.m */ = {isa = PBXFileReference; fileEncoding = 4; lastKnownFileType = sourcecode.c.objc; name = ProductCollectionViewCell.m; path = Views/Components/ProductCollectionViewCell.m; sourceTree = "<group>"; };
		ECD6D9AB19DDFE8900B2F48E /* bgSearch.png */ = {isa = PBXFileReference; lastKnownFileType = image.png; path = bgSearch.png; sourceTree = "<group>"; };
		ECD994E219F4341700E70421 /* Provider.h */ = {isa = PBXFileReference; fileEncoding = 4; lastKnownFileType = sourcecode.c.h; name = Provider.h; path = Classes/Provider.h; sourceTree = "<group>"; };
		ECD994E319F4341700E70421 /* Provider.m */ = {isa = PBXFileReference; fileEncoding = 4; lastKnownFileType = sourcecode.c.objc; name = Provider.m; path = Classes/Provider.m; sourceTree = "<group>"; };
		ECD994E619F48DC000E70421 /* fr-01.png */ = {isa = PBXFileReference; lastKnownFileType = image.png; path = "fr-01.png"; sourceTree = "<group>"; };
		ECD994E719F48DC000E70421 /* fr-01@2x.png */ = {isa = PBXFileReference; lastKnownFileType = image.png; path = "fr-01@2x.png"; sourceTree = "<group>"; };
		ECD994E819F48DC000E70421 /* fr-02.png */ = {isa = PBXFileReference; lastKnownFileType = image.png; path = "fr-02.png"; sourceTree = "<group>"; };
		ECD994E919F48DC000E70421 /* fr-02@2x.png */ = {isa = PBXFileReference; lastKnownFileType = image.png; path = "fr-02@2x.png"; sourceTree = "<group>"; };
		ECD994EA19F48DC000E70421 /* fr-03.png */ = {isa = PBXFileReference; lastKnownFileType = image.png; path = "fr-03.png"; sourceTree = "<group>"; };
		ECD994EB19F48DC000E70421 /* fr-03@2x.png */ = {isa = PBXFileReference; lastKnownFileType = image.png; path = "fr-03@2x.png"; sourceTree = "<group>"; };
		ECD994EC19F48DC000E70421 /* fr-04.png */ = {isa = PBXFileReference; lastKnownFileType = image.png; path = "fr-04.png"; sourceTree = "<group>"; };
		ECD994ED19F48DC000E70421 /* fr-04@2x.png */ = {isa = PBXFileReference; lastKnownFileType = image.png; path = "fr-04@2x.png"; sourceTree = "<group>"; };
		ECEAF28119EF6CBD00FCA68E /* SLT.db */ = {isa = PBXFileReference; lastKnownFileType = file; path = SLT.db; sourceTree = "<group>"; };
		ECEAF28319EF721800FCA68E /* Connection.m */ = {isa = PBXFileReference; fileEncoding = 4; lastKnownFileType = sourcecode.c.objc; name = Connection.m; path = Classes/Connection.m; sourceTree = "<group>"; };
		ECEAF28419EF721800FCA68E /* Connection.h */ = {isa = PBXFileReference; fileEncoding = 4; lastKnownFileType = sourcecode.c.h; name = Connection.h; path = Classes/Connection.h; sourceTree = "<group>"; };
		ECEAF28619EF722F00FCA68E /* libsqlite3.0.dylib */ = {isa = PBXFileReference; lastKnownFileType = "compiled.mach-o.dylib"; name = libsqlite3.0.dylib; path = usr/lib/libsqlite3.0.dylib; sourceTree = SDKROOT; };
		ECF3FF7219F1911500011935 /* logosDPS@2x.png */ = {isa = PBXFileReference; lastKnownFileType = image.png; path = "logosDPS@2x.png"; sourceTree = "<group>"; };
		ECF3FF7319F1911500011935 /* logosDPS.png */ = {isa = PBXFileReference; lastKnownFileType = image.png; path = logosDPS.png; sourceTree = "<group>"; };
		ECF3FF7419F1911500011935 /* logoMinTIC@2x.png */ = {isa = PBXFileReference; lastKnownFileType = image.png; path = "logoMinTIC@2x.png"; sourceTree = "<group>"; };
		ECF3FF7519F1911500011935 /* logoMinTIC.png */ = {isa = PBXFileReference; lastKnownFileType = image.png; path = logoMinTIC.png; sourceTree = "<group>"; };
		ECFB47EB19DC60BC005B7E16 /* ProductTableViewController.h */ = {isa = PBXFileReference; fileEncoding = 4; lastKnownFileType = sourcecode.c.h; name = ProductTableViewController.h; path = Views/ProductTableViewController.h; sourceTree = "<group>"; };
		ECFB47EC19DC60BC005B7E16 /* ProductTableViewController.m */ = {isa = PBXFileReference; fileEncoding = 4; lastKnownFileType = sourcecode.c.objc; name = ProductTableViewController.m; path = Views/ProductTableViewController.m; sourceTree = "<group>"; };
		ECFB47EE19DC60F2005B7E16 /* ProductsViewController.h */ = {isa = PBXFileReference; fileEncoding = 4; lastKnownFileType = sourcecode.c.h; name = ProductsViewController.h; path = Views/ProductsViewController.h; sourceTree = "<group>"; };
		ECFB47EF19DC60F2005B7E16 /* ProductsViewController.m */ = {isa = PBXFileReference; fileEncoding = 4; lastKnownFileType = sourcecode.c.objc; name = ProductsViewController.m; path = Views/ProductsViewController.m; sourceTree = "<group>"; };
/* End PBXFileReference section */

/* Begin PBXFrameworksBuildPhase section */
		EC108B7019D8E2F000CBBC17 /* Frameworks */ = {
			isa = PBXFrameworksBuildPhase;
			buildActionMask = 2147483647;
			files = (
				ECEAF28719EF722F00FCA68E /* libsqlite3.0.dylib in Frameworks */,
				EC703F3C19ED7AEA000C24CF /* Social.framework in Frameworks */,
				ECCEED1519E31245007A88B6 /* GPUImage.framework in Frameworks */,
				ECCEED1319E3115C007A88B6 /* Foundation.framework in Frameworks */,
				ECCEED1119E3111E007A88B6 /* UIKit.framework in Frameworks */,
				ECCEED0F19E31110007A88B6 /* CoreGraphics.framework in Frameworks */,
				C8519DF00A8541CAAF71F209 /* libPods.a in Frameworks */,
			);
			runOnlyForDeploymentPostprocessing = 0;
		};
		EC108B8C19D8E2F000CBBC17 /* Frameworks */ = {
			isa = PBXFrameworksBuildPhase;
			buildActionMask = 2147483647;
			files = (
			);
			runOnlyForDeploymentPostprocessing = 0;
		};
/* End PBXFrameworksBuildPhase section */

/* Begin PBXGroup section */
		2E3512C92E3634E9D1F3C838 /* Pods */ = {
			isa = PBXGroup;
			children = (
				B7D375C2BC3079E9E5DADD6E /* Pods.debug.xcconfig */,
				D3A6F573BAE92418E9795F65 /* Pods.release.xcconfig */,
			);
			name = Pods;
			sourceTree = "<group>";
		};
		C55CE4518C9843EAB09FFEDE /* Frameworks */ = {
			isa = PBXGroup;
			children = (
				ECEAF28619EF722F00FCA68E /* libsqlite3.0.dylib */,
				EC703F3B19ED7AEA000C24CF /* Social.framework */,
				EC701BF019EA3D67003912B0 /* QuartzCore.framework */,
				4630E06125C741DC9F43B19D /* libPods.a */,
			);
			name = Frameworks;
			sourceTree = "<group>";
		};
		EC108B6A19D8E2F000CBBC17 = {
			isa = PBXGroup;
			children = (
				ECEAF28119EF6CBD00FCA68E /* SLT.db */,
				EC108B7519D8E2F000CBBC17 /* Se Le Tiene */,
				EC108B9219D8E2F000CBBC17 /* Se Le TieneTests */,
				EC108B7419D8E2F000CBBC17 /* Products */,
				C55CE4518C9843EAB09FFEDE /* Frameworks */,
				2E3512C92E3634E9D1F3C838 /* Pods */,
			);
			sourceTree = "<group>";
		};
		EC108B7419D8E2F000CBBC17 /* Products */ = {
			isa = PBXGroup;
			children = (
				EC108B7319D8E2F000CBBC17 /* Se Le Tiene.app */,
				EC108B8F19D8E2F000CBBC17 /* Se Le TieneTests.xctest */,
			);
			name = Products;
			sourceTree = "<group>";
		};
		EC108B7519D8E2F000CBBC17 /* Se Le Tiene */ = {
			isa = PBXGroup;
			children = (
				EC701BBA19E84888003912B0 /* Classes */,
				EC1F86B519DBA4DE0019CA9F /* Views */,
				EC108BEB19DA108B00CBBC17 /* Assets */,
				EC108B7A19D8E2F000CBBC17 /* AppDelegate.h */,
				EC108B7B19D8E2F000CBBC17 /* AppDelegate.m */,
				EC108B8319D8E2F000CBBC17 /* Main.storyboard */,
				EC108B8619D8E2F000CBBC17 /* Images.xcassets */,
				EC108B8819D8E2F000CBBC17 /* LaunchScreen.xib */,
				EC108B7D19D8E2F000CBBC17 /* Se_Le_Tiene.xcdatamodeld */,
				EC108B7619D8E2F000CBBC17 /* Supporting Files */,
			);
			path = "Se Le Tiene";
			sourceTree = "<group>";
		};
		EC108B7619D8E2F000CBBC17 /* Supporting Files */ = {
			isa = PBXGroup;
			children = (
				ECCEED1419E31245007A88B6 /* GPUImage.framework */,
				ECCEED1219E3115C007A88B6 /* Foundation.framework */,
				ECCEED1019E3111E007A88B6 /* UIKit.framework */,
				ECCEED0E19E31110007A88B6 /* CoreGraphics.framework */,
				EC108B7719D8E2F000CBBC17 /* Info.plist */,
				EC108B7819D8E2F000CBBC17 /* main.m */,
			);
			name = "Supporting Files";
			sourceTree = "<group>";
		};
		EC108B9219D8E2F000CBBC17 /* Se Le TieneTests */ = {
			isa = PBXGroup;
			children = (
				EC108B9519D8E2F000CBBC17 /* Se_Le_TieneTests.m */,
				EC108B9319D8E2F000CBBC17 /* Supporting Files */,
			);
			path = "Se Le TieneTests";
			sourceTree = "<group>";
		};
		EC108B9319D8E2F000CBBC17 /* Supporting Files */ = {
			isa = PBXGroup;
			children = (
				EC108B9419D8E2F000CBBC17 /* Info.plist */,
			);
			name = "Supporting Files";
			sourceTree = "<group>";
		};
		EC108BEB19DA108B00CBBC17 /* Assets */ = {
			isa = PBXGroup;
			children = (
				ECD994E519F48DC000E70421 /* Animation */,
				ECD6D99E19DCFC0800B2F48E /* Buttons */,
				EC108BEC19DA108B00CBBC17 /* UI */,
			);
			path = Assets;
			sourceTree = "<group>";
		};
		EC108BEC19DA108B00CBBC17 /* UI */ = {
			isa = PBXGroup;
			children = (
				ECB603391A35643D00E5DBC4 /* dps-01.jpg */,
				ECB6033A1A35643D00E5DBC4 /* dps-01@2x.jpg */,
				ECF3FF7219F1911500011935 /* logosDPS@2x.png */,
				ECF3FF7319F1911500011935 /* logosDPS.png */,
				ECF3FF7419F1911500011935 /* logoMinTIC@2x.png */,
				ECF3FF7519F1911500011935 /* logoMinTIC.png */,
				EC701BE919E9DA4C003912B0 /* star_off@2x.png */,
				EC701BEA19E9DA4C003912B0 /* star_off.png */,
				EC701BC819E8EE62003912B0 /* star@2x.png */,
				EC701BC919E8EE62003912B0 /* star.png */,
				EC701BC419E8B70B003912B0 /* placeholder@2x.png */,
				EC701BC519E8B70B003912B0 /* placeholder.png */,
				EC701BA819E77DC2003912B0 /* bgContact@2x.png */,
				EC701BA919E77DC2003912B0 /* bgContact.png */,
				ECCEECE819DF4DF8007A88B6 /* amasijos3.jpg */,
				EC66560A19DE56CF005B0B00 /* logoHeader@2x.png */,
				EC66560B19DE56CF005B0B00 /* logoHeader.png */,
				EC66560C19DE56CF005B0B00 /* bgHeader.png */,
				ECD6D9AB19DDFE8900B2F48E /* bgSearch.png */,
				EC108C0519DA16A300CBBC17 /* bg.jpg */,
				EC108C0619DA16A300CBBC17 /* bg@2x.jpg */,
				EC108BEF19DA108B00CBBC17 /* btnBlue.png */,
				EC108BF019DA108B00CBBC17 /* btnBlue@2x.png */,
				EC108BF119DA108B00CBBC17 /* btnEmail.png */,
				EC108BF219DA108B00CBBC17 /* btnEmail@2x.png */,
				EC108BF319DA108B00CBBC17 /* btnFacebook.png */,
				EC108BF419DA108B00CBBC17 /* btnFacebook@2x.png */,
				EC108BF519DA108B00CBBC17 /* btnInfo.png */,
				EC108BF619DA108B00CBBC17 /* btnInfo@2x.png */,
				EC108BF719DA108B00CBBC17 /* logo.png */,
				EC108BF819DA108B00CBBC17 /* logo@2x.png */,
			);
			path = UI;
			sourceTree = "<group>";
		};
		EC1F86B519DBA4DE0019CA9F /* Views */ = {
			isa = PBXGroup;
			children = (
				EC701BCD19E9A868003912B0 /* Home */,
				EC701BCC19E9A85E003912B0 /* Account */,
				EC74AFE919E6FBA800DB431A /* Order */,
				EC74AFE819E6149F00DB431A /* Information */,
				ECD6D9A719DD0B0900B2F48E /* Components */,
				ECCEED0119E2656F007A88B6 /* Filter */,
				ECCEED0A19E2F070007A88B6 /* Offer */,
				ECCEED0219E26576007A88B6 /* Product */,
				ECC108FE19E481B9003335EF /* Register */,
			);
			name = Views;
			sourceTree = "<group>";
		};
		EC701BBA19E84888003912B0 /* Classes */ = {
			isa = PBXGroup;
			children = (
				ECEAF28419EF721800FCA68E /* Connection.h */,
				ECEAF28319EF721800FCA68E /* Connection.m */,
				EC701BC119E87259003912B0 /* User.h */,
				EC701BC219E87259003912B0 /* User.m */,
				EC701BBB19E848CB003912B0 /* Product.h */,
				EC701BBC19E848CB003912B0 /* Product.m */,
				EC701BBE19E8633B003912B0 /* APIManager.h */,
				EC701BBF19E8633B003912B0 /* APIManager.m */,
				EC703F4019EE029C000C24CF /* Filter.h */,
				EC703F4119EE029D000C24CF /* Filter.m */,
				ECD994E219F4341700E70421 /* Provider.h */,
				ECD994E319F4341700E70421 /* Provider.m */,
			);
			name = Classes;
			sourceTree = "<group>";
		};
		EC701BCC19E9A85E003912B0 /* Account */ = {
			isa = PBXGroup;
			children = (
				EC701BCE19E9A889003912B0 /* AccountViewController.h */,
				EC701BCF19E9A889003912B0 /* AccountViewController.m */,
				EC701BED19E9F40B003912B0 /* EditAccountViewController.h */,
				EC701BEE19E9F40B003912B0 /* EditAccountViewController.m */,
			);
			name = Account;
			sourceTree = "<group>";
		};
		EC701BCD19E9A868003912B0 /* Home */ = {
			isa = PBXGroup;
			children = (
				EC1F86B219DBA41D0019CA9F /* LoginViewController.h */,
				EC1F86B319DBA41D0019CA9F /* LoginViewController.m */,
			);
			name = Home;
			sourceTree = "<group>";
		};
		EC74AFE819E6149F00DB431A /* Information */ = {
			isa = PBXGroup;
			children = (
				EC74AFE519E6148300DB431A /* InformationViewController.h */,
				EC74AFE619E6148300DB431A /* InformationViewController.m */,
			);
			name = Information;
			sourceTree = "<group>";
		};
		EC74AFE919E6FBA800DB431A /* Order */ = {
			isa = PBXGroup;
			children = (
				EC74AFEA19E6FBDB00DB431A /* OrderViewController.h */,
				EC74AFEB19E6FBDB00DB431A /* OrderViewController.m */,
			);
			name = Order;
			sourceTree = "<group>";
		};
		ECC108FE19E481B9003335EF /* Register */ = {
			isa = PBXGroup;
			children = (
				ECC108FF19E481DD003335EF /* RegisterViewController.h */,
				ECC1090019E481DD003335EF /* RegisterViewController.m */,
				ECC1090519E4A11E003335EF /* RememberViewController.h */,
				ECC1090619E4A11E003335EF /* RememberViewController.m */,
				ECC1090819E4B2BA003335EF /* LogViewController.h */,
				ECC1090919E4B2BA003335EF /* LogViewController.m */,
			);
			name = Register;
			sourceTree = "<group>";
		};
		ECCEECED19DF9D77007A88B6 /* ProductsView */ = {
			isa = PBXGroup;
			children = (
				EC66561119DEFDB6005B0B00 /* ContainerViewController.h */,
				EC66561019DEFDB6005B0B00 /* ContainerViewController.m */,
				EC66561319DF01AB005B0B00 /* EmptySegue.m */,
				EC66561419DF01AB005B0B00 /* EmptySegue.h */,
				ECD6D9A819DD0B3900B2F48E /* ProductCollectionViewCell.h */,
				ECD6D9A919DD0B3900B2F48E /* ProductCollectionViewCell.m */,
				ECCEECEA19DF9107007A88B6 /* ProductsTableViewCell.h */,
				ECCEECEB19DF9107007A88B6 /* ProductsTableViewCell.m */,
			);
			name = ProductsView;
			sourceTree = "<group>";
		};
		ECCEED0119E2656F007A88B6 /* Filter */ = {
			isa = PBXGroup;
			children = (
				ECCEED0319E26605007A88B6 /* FilterViewController.h */,
				ECCEED0419E26605007A88B6 /* FilterViewController.m */,
			);
			name = Filter;
			sourceTree = "<group>";
		};
		ECCEED0219E26576007A88B6 /* Product */ = {
			isa = PBXGroup;
			children = (
				ECFB47EE19DC60F2005B7E16 /* ProductsViewController.h */,
				ECFB47EF19DC60F2005B7E16 /* ProductsViewController.m */,
				ECFB47EB19DC60BC005B7E16 /* ProductTableViewController.h */,
				ECFB47EC19DC60BC005B7E16 /* ProductTableViewController.m */,
				ECD6D99B19DCF7D800B2F48E /* ProductsContViewController.h */,
				ECD6D99C19DCF7D800B2F48E /* ProductsContViewController.m */,
				ECCEECFA19E227D6007A88B6 /* ProductDetailViewController.h */,
				ECCEECFB19E227D6007A88B6 /* ProductDetailViewController.m */,
			);
			name = Product;
			sourceTree = "<group>";
		};
		ECCEED0A19E2F070007A88B6 /* Offer */ = {
			isa = PBXGroup;
			children = (
				ECCEED1D19E3A2C0007A88B6 /* ContainerViewOffer.h */,
				ECCEED1C19E3A2C0007A88B6 /* ContainerViewOffer.m */,
				ECCEED0B19E2F09C007A88B6 /* OfferViewController.h */,
				ECCEED0C19E2F09C007A88B6 /* OfferViewController.m */,
				ECCEED1619E392AA007A88B6 /* OfferProViewController.h */,
				ECCEED1719E392AA007A88B6 /* OfferProViewController.m */,
				ECCEED1919E392F0007A88B6 /* OfferSerViewController.h */,
				ECCEED1A19E392F0007A88B6 /* OfferSerViewController.m */,
			);
			name = Offer;
			sourceTree = "<group>";
		};
		ECD6D99E19DCFC0800B2F48E /* Buttons */ = {
			isa = PBXGroup;
			children = (
				EC701BD119E9DA43003912B0 /* starBig@2x.png */,
				EC701BD219E9DA43003912B0 /* starBig.png */,
				EC701BD319E9DA43003912B0 /* starBig_off@2x.png */,
				EC701BD419E9DA43003912B0 /* starBig_off.png */,
				EC701BD519E9DA43003912B0 /* btnHis@2x.png */,
				EC701BD619E9DA43003912B0 /* btnHis.png */,
				EC701BD719E9DA43003912B0 /* btnFavorite_on@2x.png */,
				EC701BD819E9DA43003912B0 /* btnFavorite_on.png */,
				EC701BD919E9DA43003912B0 /* btnFavorite_off@2x.png */,
				EC701BDA19E9DA43003912B0 /* btnFavorite_off.png */,
				EC701BDB19E9DA43003912B0 /* btnFav@2x.png */,
				EC701BDC19E9DA43003912B0 /* btnFav.png */,
				EC701BAC19E79AA7003912B0 /* btnTws@2x.png */,
				EC701BAD19E79AA7003912B0 /* btnTws.png */,
				EC701BAE19E79AA7003912B0 /* btnFbs@2x.png */,
				EC701BAF19E79AA7003912B0 /* btnFbs.png */,
				EC74AFE119E5DBA700DB431A /* btnArr@2x.png */,
				EC74AFE219E5DBA700DB431A /* btnArr.png */,
				ECCEED0619E279F5007A88B6 /* btnStar_on@2x.png */,
				ECCEED0719E279F5007A88B6 /* btnStar_on.png */,
				ECCEECFD19E2636B007A88B6 /* btnStar@2x.png */,
				ECCEECFE19E2636B007A88B6 /* btnStar.png */,
				ECCEECF819E0B0D8007A88B6 /* btnUserMenu@2x.png */,
				ECCEECEE19E099F2007A88B6 /* btnUserMenu.png */,
				ECCEECEF19E099F2007A88B6 /* btnSearchMenu@2x.png */,
				ECCEECF019E099F2007A88B6 /* btnSearchMenu.png */,
				ECCEECF119E099F2007A88B6 /* btnAddMenu@2x.png */,
				ECCEECF219E099F2007A88B6 /* btnAddMenu.png */,
				EC66560319DE44C1005B0B00 /* btnSearch@2x.png */,
				EC66560419DE44C1005B0B00 /* btnSearch.png */,
				ECD6D99F19DCFC0800B2F48E /* btnGrid.png */,
				ECD6D9A019DCFC0800B2F48E /* btnGrid@2x.png */,
				ECD6D9A119DCFC0800B2F48E /* btnList.png */,
				ECD6D9A219DCFC0800B2F48E /* btnList@2x.png */,
			);
			path = Buttons;
			sourceTree = "<group>";
		};
		ECD6D9A719DD0B0900B2F48E /* Components */ = {
			isa = PBXGroup;
			children = (
				ECCEECED19DF9D77007A88B6 /* ProductsView */,
				EC66560819DE5486005B0B00 /* NVControllerGeneric.h */,
				EC66560719DE5486005B0B00 /* NVControllerGeneric.m */,
				EC701BF219EAF7DC003912B0 /* MenuView.h */,
				EC701BF319EAF7DC003912B0 /* MenuView.m */,
				EC703F3519EC9361000C24CF /* stars.h */,
				EC703F3619EC9361000C24CF /* stars.m */,
				EC703F3819ED6966000C24CF /* TSButton.h */,
				EC703F3919ED6966000C24CF /* TSButton.m */,
				EC703F3D19ED7EED000C24CF /* GenTableViewController.h */,
				EC703F3E19ED7EED000C24CF /* GenTableViewController.m */,
				EC703F4319EE0EC8000C24CF /* JOAlert.h */,
				EC703F4419EE0EC8000C24CF /* JOAlert.m */,
			);
			name = Components;
			sourceTree = "<group>";
		};
		ECD994E519F48DC000E70421 /* Animation */ = {
			isa = PBXGroup;
			children = (
				ECD994E619F48DC000E70421 /* fr-01.png */,
				ECD994E719F48DC000E70421 /* fr-01@2x.png */,
				ECD994E819F48DC000E70421 /* fr-02.png */,
				ECD994E919F48DC000E70421 /* fr-02@2x.png */,
				ECD994EA19F48DC000E70421 /* fr-03.png */,
				ECD994EB19F48DC000E70421 /* fr-03@2x.png */,
				ECD994EC19F48DC000E70421 /* fr-04.png */,
				ECD994ED19F48DC000E70421 /* fr-04@2x.png */,
			);
			path = Animation;
			sourceTree = "<group>";
		};
/* End PBXGroup section */

/* Begin PBXNativeTarget section */
		EC108B7219D8E2F000CBBC17 /* Se Le Tiene */ = {
			isa = PBXNativeTarget;
			buildConfigurationList = EC108B9919D8E2F000CBBC17 /* Build configuration list for PBXNativeTarget "Se Le Tiene" */;
			buildPhases = (
				A5611272310F4C7AA6242B77 /* Check Pods Manifest.lock */,
				EC108B6F19D8E2F000CBBC17 /* Sources */,
				EC108B7019D8E2F000CBBC17 /* Frameworks */,
				EC108B7119D8E2F000CBBC17 /* Resources */,
				E7D64243ABD4448991F6E274 /* Copy Pods Resources */,
			);
			buildRules = (
			);
			dependencies = (
			);
			name = "Se Le Tiene";
			productName = "Se Le Tiene";
			productReference = EC108B7319D8E2F000CBBC17 /* Se Le Tiene.app */;
			productType = "com.apple.product-type.application";
		};
		EC108B8E19D8E2F000CBBC17 /* Se Le TieneTests */ = {
			isa = PBXNativeTarget;
			buildConfigurationList = EC108B9C19D8E2F000CBBC17 /* Build configuration list for PBXNativeTarget "Se Le TieneTests" */;
			buildPhases = (
				EC108B8B19D8E2F000CBBC17 /* Sources */,
				EC108B8C19D8E2F000CBBC17 /* Frameworks */,
				EC108B8D19D8E2F000CBBC17 /* Resources */,
			);
			buildRules = (
			);
			dependencies = (
				EC108B9119D8E2F000CBBC17 /* PBXTargetDependency */,
			);
			name = "Se Le TieneTests";
			productName = "Se Le TieneTests";
			productReference = EC108B8F19D8E2F000CBBC17 /* Se Le TieneTests.xctest */;
			productType = "com.apple.product-type.bundle.unit-test";
		};
/* End PBXNativeTarget section */

/* Begin PBXProject section */
		EC108B6B19D8E2F000CBBC17 /* Project object */ = {
			isa = PBXProject;
			attributes = {
				LastUpgradeCheck = 0600;
				ORGANIZATIONNAME = Olinguito;
				TargetAttributes = {
					EC108B7219D8E2F000CBBC17 = {
						CreatedOnToolsVersion = 6.0.1;
						DevelopmentTeam = QF2P6LAFBK;
					};
					EC108B8E19D8E2F000CBBC17 = {
						CreatedOnToolsVersion = 6.0.1;
						TestTargetID = EC108B7219D8E2F000CBBC17;
					};
				};
			};
			buildConfigurationList = EC108B6E19D8E2F000CBBC17 /* Build configuration list for PBXProject "Se Le Tiene" */;
			compatibilityVersion = "Xcode 3.2";
			developmentRegion = English;
			hasScannedForEncodings = 0;
			knownRegions = (
				en,
				Base,
			);
			mainGroup = EC108B6A19D8E2F000CBBC17;
			productRefGroup = EC108B7419D8E2F000CBBC17 /* Products */;
			projectDirPath = "";
			projectRoot = "";
			targets = (
				EC108B7219D8E2F000CBBC17 /* Se Le Tiene */,
				EC108B8E19D8E2F000CBBC17 /* Se Le TieneTests */,
			);
		};
/* End PBXProject section */

/* Begin PBXResourcesBuildPhase section */
		EC108B7119D8E2F000CBBC17 /* Resources */ = {
			isa = PBXResourcesBuildPhase;
			buildActionMask = 2147483647;
			files = (
				EC701BDE19E9DA43003912B0 /* starBig.png in Resources */,
				ECD6D9A519DCFC0800B2F48E /* btnList.png in Resources */,
				ECEAF28219EF6CBD00FCA68E /* SLT.db in Resources */,
				ECF3FF7719F1911500011935 /* logosDPS.png in Resources */,
				EC108BFF19DA108B00CBBC17 /* btnFacebook.png in Resources */,
				ECCEED0019E2636B007A88B6 /* btnStar.png in Resources */,
				EC701BE019E9DA43003912B0 /* starBig_off.png in Resources */,
				EC701BAA19E77DC2003912B0 /* bgContact@2x.png in Resources */,
				ECD994EF19F48DC000E70421 /* fr-01@2x.png in Resources */,
				ECCEECFF19E2636B007A88B6 /* btnStar@2x.png in Resources */,
				EC701BCB19E8EE62003912B0 /* star.png in Resources */,
				EC701BAB19E77DC2003912B0 /* bgContact.png in Resources */,
				EC108C0019DA108B00CBBC17 /* btnFacebook@2x.png in Resources */,
				EC701BCA19E8EE62003912B0 /* star@2x.png in Resources */,
				EC66560E19DE56CF005B0B00 /* logoHeader.png in Resources */,
				ECCEECF419E099F2007A88B6 /* btnSearchMenu@2x.png in Resources */,
				ECCEED0819E279F5007A88B6 /* btnStar_on@2x.png in Resources */,
				ECCEECE919DF4DF8007A88B6 /* amasijos3.jpg in Resources */,
				EC701BEC19E9DA4C003912B0 /* star_off.png in Resources */,
				EC66560F19DE56CF005B0B00 /* bgHeader.png in Resources */,
				ECCEECF919E0B0D8007A88B6 /* btnUserMenu@2x.png in Resources */,
				ECD994F119F48DC000E70421 /* fr-02@2x.png in Resources */,
				EC108B8519D8E2F000CBBC17 /* Main.storyboard in Resources */,
				ECB6033C1A35643D00E5DBC4 /* dps-01@2x.jpg in Resources */,
				ECD994F419F48DC000E70421 /* fr-04.png in Resources */,
				ECD6D9A419DCFC0800B2F48E /* btnGrid@2x.png in Resources */,
				ECCEECF519E099F2007A88B6 /* btnSearchMenu.png in Resources */,
				EC701BB219E79AA7003912B0 /* btnFbs@2x.png in Resources */,
				ECD994F019F48DC000E70421 /* fr-02.png in Resources */,
				EC701BC719E8B70B003912B0 /* placeholder.png in Resources */,
				EC701BE119E9DA43003912B0 /* btnHis@2x.png in Resources */,
				ECB6033B1A35643D00E5DBC4 /* dps-01.jpg in Resources */,
				ECF3FF7919F1911500011935 /* logoMinTIC.png in Resources */,
				EC108B8A19D8E2F000CBBC17 /* LaunchScreen.xib in Resources */,
				EC701BE519E9DA43003912B0 /* btnFavorite_off@2x.png in Resources */,
				EC108C0719DA16A300CBBC17 /* bg.jpg in Resources */,
				ECF3FF7819F1911500011935 /* logoMinTIC@2x.png in Resources */,
				EC108C0319DA108B00CBBC17 /* logo.png in Resources */,
				EC66560519DE44C1005B0B00 /* btnSearch@2x.png in Resources */,
				EC108BFC19DA108B00CBBC17 /* btnBlue@2x.png in Resources */,
				ECCEED0919E279F5007A88B6 /* btnStar_on.png in Resources */,
				EC701BE419E9DA43003912B0 /* btnFavorite_on.png in Resources */,
				EC108BFD19DA108B00CBBC17 /* btnEmail.png in Resources */,
				ECD6D9A319DCFC0800B2F48E /* btnGrid.png in Resources */,
				EC701BDD19E9DA43003912B0 /* starBig@2x.png in Resources */,
				EC701BE719E9DA43003912B0 /* btnFav@2x.png in Resources */,
				EC108C0119DA108B00CBBC17 /* btnInfo.png in Resources */,
				EC66560D19DE56CF005B0B00 /* logoHeader@2x.png in Resources */,
				ECD994F519F48DC000E70421 /* fr-04@2x.png in Resources */,
				EC701BE619E9DA43003912B0 /* btnFavorite_off.png in Resources */,
				EC701BE819E9DA43003912B0 /* btnFav.png in Resources */,
				EC108C0819DA16A300CBBC17 /* bg@2x.jpg in Resources */,
				EC74AFE319E5DBA700DB431A /* btnArr@2x.png in Resources */,
				EC701BB019E79AA7003912B0 /* btnTws@2x.png in Resources */,
				EC701BE219E9DA43003912B0 /* btnHis.png in Resources */,
				ECCEECF619E099F2007A88B6 /* btnAddMenu@2x.png in Resources */,
				EC108B8719D8E2F000CBBC17 /* Images.xcassets in Resources */,
				EC108C0419DA108B00CBBC17 /* logo@2x.png in Resources */,
				EC66560619DE44C1005B0B00 /* btnSearch.png in Resources */,
				EC701BEB19E9DA4C003912B0 /* star_off@2x.png in Resources */,
				ECD994F319F48DC000E70421 /* fr-03@2x.png in Resources */,
				EC701BB119E79AA7003912B0 /* btnTws.png in Resources */,
				ECD994EE19F48DC000E70421 /* fr-01.png in Resources */,
				EC701BC619E8B70B003912B0 /* placeholder@2x.png in Resources */,
				EC701BE319E9DA43003912B0 /* btnFavorite_on@2x.png in Resources */,
				EC74AFE419E5DBA700DB431A /* btnArr.png in Resources */,
				EC701BB319E79AA7003912B0 /* btnFbs.png in Resources */,
				ECF3FF7619F1911500011935 /* logosDPS@2x.png in Resources */,
				EC701BDF19E9DA43003912B0 /* starBig_off@2x.png in Resources */,
				EC108BFE19DA108B00CBBC17 /* btnEmail@2x.png in Resources */,
				EC108C0219DA108B00CBBC17 /* btnInfo@2x.png in Resources */,
				EC108BFB19DA108B00CBBC17 /* btnBlue.png in Resources */,
				ECCEECF319E099F2007A88B6 /* btnUserMenu.png in Resources */,
				ECD994F219F48DC000E70421 /* fr-03.png in Resources */,
				ECD6D9AC19DDFE8900B2F48E /* bgSearch.png in Resources */,
				ECCEECF719E099F2007A88B6 /* btnAddMenu.png in Resources */,
				ECD6D9A619DCFC0800B2F48E /* btnList@2x.png in Resources */,
			);
			runOnlyForDeploymentPostprocessing = 0;
		};
		EC108B8D19D8E2F000CBBC17 /* Resources */ = {
			isa = PBXResourcesBuildPhase;
			buildActionMask = 2147483647;
			files = (
			);
			runOnlyForDeploymentPostprocessing = 0;
		};
/* End PBXResourcesBuildPhase section */

/* Begin PBXShellScriptBuildPhase section */
		A5611272310F4C7AA6242B77 /* Check Pods Manifest.lock */ = {
			isa = PBXShellScriptBuildPhase;
			buildActionMask = 2147483647;
			files = (
			);
			inputPaths = (
			);
			name = "Check Pods Manifest.lock";
			outputPaths = (
			);
			runOnlyForDeploymentPostprocessing = 0;
			shellPath = /bin/sh;
			shellScript = "diff \"${PODS_ROOT}/../Podfile.lock\" \"${PODS_ROOT}/Manifest.lock\" > /dev/null\nif [[ $? != 0 ]] ; then\n    cat << EOM\nerror: The sandbox is not in sync with the Podfile.lock. Run 'pod install' or update your CocoaPods installation.\nEOM\n    exit 1\nfi\n";
			showEnvVarsInLog = 0;
		};
		E7D64243ABD4448991F6E274 /* Copy Pods Resources */ = {
			isa = PBXShellScriptBuildPhase;
			buildActionMask = 2147483647;
			files = (
			);
			inputPaths = (
			);
			name = "Copy Pods Resources";
			outputPaths = (
			);
			runOnlyForDeploymentPostprocessing = 0;
			shellPath = /bin/sh;
			shellScript = "\"${SRCROOT}/Pods/Target Support Files/Pods/Pods-resources.sh\"\n";
			showEnvVarsInLog = 0;
		};
/* End PBXShellScriptBuildPhase section */

/* Begin PBXSourcesBuildPhase section */
		EC108B6F19D8E2F000CBBC17 /* Sources */ = {
			isa = PBXSourcesBuildPhase;
			buildActionMask = 2147483647;
			files = (
				ECD994E419F4341700E70421 /* Provider.m in Sources */,
				EC701BC319E87259003912B0 /* User.m in Sources */,
				EC701BF419EAF7DC003912B0 /* MenuView.m in Sources */,
				ECFB47ED19DC60BC005B7E16 /* ProductTableViewController.m in Sources */,
				EC703F3719EC9361000C24CF /* stars.m in Sources */,
				EC66561519DF01AB005B0B00 /* EmptySegue.m in Sources */,
				ECC1090719E4A11E003335EF /* RememberViewController.m in Sources */,
				EC108B7F19D8E2F000CBBC17 /* Se_Le_Tiene.xcdatamodeld in Sources */,
				EC108B7C19D8E2F000CBBC17 /* AppDelegate.m in Sources */,
				ECCEED0519E26605007A88B6 /* FilterViewController.m in Sources */,
				ECCEED1819E392AA007A88B6 /* OfferProViewController.m in Sources */,
				EC74AFEC19E6FBDB00DB431A /* OrderViewController.m in Sources */,
				EC703F3A19ED6966000C24CF /* TSButton.m in Sources */,
				EC66560919DE5486005B0B00 /* NVControllerGeneric.m in Sources */,
				EC66561219DEFDB6005B0B00 /* ContainerViewController.m in Sources */,
				ECC1090119E481DD003335EF /* RegisterViewController.m in Sources */,
				ECCEECFC19E227D6007A88B6 /* ProductDetailViewController.m in Sources */,
				EC74AFE719E6148300DB431A /* InformationViewController.m in Sources */,
				ECCEED1E19E3A2C0007A88B6 /* ContainerViewOffer.m in Sources */,
				EC701BC019E8633B003912B0 /* APIManager.m in Sources */,
				EC701BEF19E9F40B003912B0 /* EditAccountViewController.m in Sources */,
				EC703F3F19ED7EED000C24CF /* GenTableViewController.m in Sources */,
				EC703F4519EE0EC8000C24CF /* JOAlert.m in Sources */,
				ECCEED1B19E392F0007A88B6 /* OfferSerViewController.m in Sources */,
				EC108B7919D8E2F000CBBC17 /* main.m in Sources */,
				ECC1090A19E4B2BA003335EF /* LogViewController.m in Sources */,
				ECD6D99D19DCF7D800B2F48E /* ProductsContViewController.m in Sources */,
				ECCEED0D19E2F09C007A88B6 /* OfferViewController.m in Sources */,
				ECFB47F019DC60F2005B7E16 /* ProductsViewController.m in Sources */,
				EC701BD019E9A889003912B0 /* AccountViewController.m in Sources */,
				ECEAF28519EF721800FCA68E /* Connection.m in Sources */,
				EC703F4219EE029D000C24CF /* Filter.m in Sources */,
				ECCEECEC19DF9107007A88B6 /* ProductsTableViewCell.m in Sources */,
				EC701BBD19E848CB003912B0 /* Product.m in Sources */,
				ECD6D9AA19DD0B3900B2F48E /* ProductCollectionViewCell.m in Sources */,
				EC1F86B419DBA41D0019CA9F /* LoginViewController.m in Sources */,
			);
			runOnlyForDeploymentPostprocessing = 0;
		};
		EC108B8B19D8E2F000CBBC17 /* Sources */ = {
			isa = PBXSourcesBuildPhase;
			buildActionMask = 2147483647;
			files = (
				EC108B9619D8E2F000CBBC17 /* Se_Le_TieneTests.m in Sources */,
			);
			runOnlyForDeploymentPostprocessing = 0;
		};
/* End PBXSourcesBuildPhase section */

/* Begin PBXTargetDependency section */
		EC108B9119D8E2F000CBBC17 /* PBXTargetDependency */ = {
			isa = PBXTargetDependency;
			target = EC108B7219D8E2F000CBBC17 /* Se Le Tiene */;
			targetProxy = EC108B9019D8E2F000CBBC17 /* PBXContainerItemProxy */;
		};
/* End PBXTargetDependency section */

/* Begin PBXVariantGroup section */
		EC108B8319D8E2F000CBBC17 /* Main.storyboard */ = {
			isa = PBXVariantGroup;
			children = (
				EC108B8419D8E2F000CBBC17 /* Base */,
			);
			name = Main.storyboard;
			sourceTree = "<group>";
		};
		EC108B8819D8E2F000CBBC17 /* LaunchScreen.xib */ = {
			isa = PBXVariantGroup;
			children = (
				EC108B8919D8E2F000CBBC17 /* Base */,
			);
			name = LaunchScreen.xib;
			sourceTree = "<group>";
		};
/* End PBXVariantGroup section */

/* Begin XCBuildConfiguration section */
		EC108B9719D8E2F000CBBC17 /* Debug */ = {
			isa = XCBuildConfiguration;
			buildSettings = {
				ALWAYS_SEARCH_USER_PATHS = NO;
				CLANG_CXX_LANGUAGE_STANDARD = "gnu++0x";
				CLANG_CXX_LIBRARY = "libc++";
				CLANG_ENABLE_MODULES = YES;
				CLANG_ENABLE_OBJC_ARC = YES;
				CLANG_WARN_BOOL_CONVERSION = YES;
				CLANG_WARN_CONSTANT_CONVERSION = YES;
				CLANG_WARN_DIRECT_OBJC_ISA_USAGE = YES_ERROR;
				CLANG_WARN_EMPTY_BODY = YES;
				CLANG_WARN_ENUM_CONVERSION = YES;
				CLANG_WARN_INT_CONVERSION = YES;
				CLANG_WARN_OBJC_ROOT_CLASS = YES_ERROR;
				CLANG_WARN_UNREACHABLE_CODE = YES;
				CLANG_WARN__DUPLICATE_METHOD_MATCH = YES;
				"CODE_SIGN_IDENTITY[sdk=iphoneos*]" = "iPhone Developer";
				COPY_PHASE_STRIP = NO;
				ENABLE_STRICT_OBJC_MSGSEND = YES;
				GCC_C_LANGUAGE_STANDARD = gnu99;
				GCC_DYNAMIC_NO_PIC = NO;
				GCC_OPTIMIZATION_LEVEL = 0;
				GCC_PREPROCESSOR_DEFINITIONS = (
					"DEBUG=1",
					"$(inherited)",
				);
				GCC_SYMBOLS_PRIVATE_EXTERN = NO;
				GCC_WARN_64_TO_32_BIT_CONVERSION = YES;
				GCC_WARN_ABOUT_RETURN_TYPE = YES_ERROR;
				GCC_WARN_UNDECLARED_SELECTOR = YES;
				GCC_WARN_UNINITIALIZED_AUTOS = YES_AGGRESSIVE;
				GCC_WARN_UNUSED_FUNCTION = YES;
				GCC_WARN_UNUSED_VARIABLE = YES;
				IPHONEOS_DEPLOYMENT_TARGET = 8.0;
				MTL_ENABLE_DEBUG_INFO = YES;
				ONLY_ACTIVE_ARCH = YES;
				SDKROOT = iphoneos;
				TARGETED_DEVICE_FAMILY = "1,2";
			};
			name = Debug;
		};
		EC108B9819D8E2F000CBBC17 /* Release */ = {
			isa = XCBuildConfiguration;
			buildSettings = {
				ALWAYS_SEARCH_USER_PATHS = NO;
				CLANG_CXX_LANGUAGE_STANDARD = "gnu++0x";
				CLANG_CXX_LIBRARY = "libc++";
				CLANG_ENABLE_MODULES = YES;
				CLANG_ENABLE_OBJC_ARC = YES;
				CLANG_WARN_BOOL_CONVERSION = YES;
				CLANG_WARN_CONSTANT_CONVERSION = YES;
				CLANG_WARN_DIRECT_OBJC_ISA_USAGE = YES_ERROR;
				CLANG_WARN_EMPTY_BODY = YES;
				CLANG_WARN_ENUM_CONVERSION = YES;
				CLANG_WARN_INT_CONVERSION = YES;
				CLANG_WARN_OBJC_ROOT_CLASS = YES_ERROR;
				CLANG_WARN_UNREACHABLE_CODE = YES;
				CLANG_WARN__DUPLICATE_METHOD_MATCH = YES;
				"CODE_SIGN_IDENTITY[sdk=iphoneos*]" = "iPhone Developer";
				COPY_PHASE_STRIP = YES;
				ENABLE_NS_ASSERTIONS = NO;
				ENABLE_STRICT_OBJC_MSGSEND = YES;
				GCC_C_LANGUAGE_STANDARD = gnu99;
				GCC_WARN_64_TO_32_BIT_CONVERSION = YES;
				GCC_WARN_ABOUT_RETURN_TYPE = YES_ERROR;
				GCC_WARN_UNDECLARED_SELECTOR = YES;
				GCC_WARN_UNINITIALIZED_AUTOS = YES_AGGRESSIVE;
				GCC_WARN_UNUSED_FUNCTION = YES;
				GCC_WARN_UNUSED_VARIABLE = YES;
				IPHONEOS_DEPLOYMENT_TARGET = 8.0;
				MTL_ENABLE_DEBUG_INFO = NO;
				SDKROOT = iphoneos;
				TARGETED_DEVICE_FAMILY = "1,2";
				VALIDATE_PRODUCT = YES;
			};
			name = Release;
		};
		EC108B9A19D8E2F000CBBC17 /* Debug */ = {
			isa = XCBuildConfiguration;
			baseConfigurationReference = B7D375C2BC3079E9E5DADD6E /* Pods.debug.xcconfig */;
			buildSettings = {
				ASSETCATALOG_COMPILER_APPICON_NAME = AppIcon;
				ASSETCATALOG_COMPILER_LAUNCHIMAGE_NAME = LaunchImage;
				CODE_SIGN_IDENTITY = "iPhone Developer: Jorge Raul Ovalle Zuleta (UGPQWP42UQ)";
				"CODE_SIGN_IDENTITY[sdk=iphoneos*]" = "iPhone Developer: Jorge Raul Ovalle Zuleta (UGPQWP42UQ)";
				FRAMEWORK_SEARCH_PATHS = (
					"$(inherited)",
					/Users/JorgeOvalle/Documents/lojals/Proyectos/Colors/Objc/colors/colors,
				);
				INFOPLIST_FILE = "Se Le Tiene/Info.plist";
				IPHONEOS_DEPLOYMENT_TARGET = 7.0;
				LD_RUNPATH_SEARCH_PATHS = "$(inherited) @executable_path/Frameworks";
				ONLY_ACTIVE_ARCH = YES;
				PRODUCT_NAME = "$(TARGET_NAME)";
				PROVISIONING_PROFILE = "e75e42df-47a1-44a3-9b35-59b5f742e8f9";
				TARGETED_DEVICE_FAMILY = "1,2";
				VALID_ARCHS = "armv7 armv7s";
			};
			name = Debug;
		};
		EC108B9B19D8E2F000CBBC17 /* Release */ = {
			isa = XCBuildConfiguration;
			baseConfigurationReference = D3A6F573BAE92418E9795F65 /* Pods.release.xcconfig */;
			buildSettings = {
				ASSETCATALOG_COMPILER_APPICON_NAME = AppIcon;
				ASSETCATALOG_COMPILER_LAUNCHIMAGE_NAME = LaunchImage;
				CODE_SIGN_IDENTITY = "iPhone Distribution: Jorge Ovalle Z (QF2P6LAFBK)";
				"CODE_SIGN_IDENTITY[sdk=iphoneos*]" = "iPhone Distribution: Jorge Ovalle Z (QF2P6LAFBK)";
				FRAMEWORK_SEARCH_PATHS = (
					"$(inherited)",
					/Users/JorgeOvalle/Documents/lojals/Proyectos/Colors/Objc/colors/colors,
				);
				INFOPLIST_FILE = "Se Le Tiene/Info.plist";
				IPHONEOS_DEPLOYMENT_TARGET = 7.0;
				LD_RUNPATH_SEARCH_PATHS = "$(inherited) @executable_path/Frameworks";
				PRODUCT_NAME = "$(TARGET_NAME)";
				PROVISIONING_PROFILE = "30d4cd1d-d930-43c8-b784-59fa088d33c1";
				TARGETED_DEVICE_FAMILY = "1,2";
				VALID_ARCHS = "armv7 armv7s";
			};
			name = Release;
		};
		EC108B9D19D8E2F000CBBC17 /* Debug */ = {
			isa = XCBuildConfiguration;
			buildSettings = {
				BUNDLE_LOADER = "$(TEST_HOST)";
				FRAMEWORK_SEARCH_PATHS = (
					"$(SDKROOT)/Developer/Library/Frameworks",
					"$(inherited)",
				);
				GCC_PREPROCESSOR_DEFINITIONS = (
					"DEBUG=1",
					"$(inherited)",
				);
				INFOPLIST_FILE = "Se Le TieneTests/Info.plist";
				LD_RUNPATH_SEARCH_PATHS = "$(inherited) @executable_path/Frameworks @loader_path/Frameworks";
				PRODUCT_NAME = "$(TARGET_NAME)";
				TEST_HOST = "$(BUILT_PRODUCTS_DIR)/Se Le Tiene.app/Se Le Tiene";
			};
			name = Debug;
		};
		EC108B9E19D8E2F000CBBC17 /* Release */ = {
			isa = XCBuildConfiguration;
			buildSettings = {
				BUNDLE_LOADER = "$(TEST_HOST)";
				FRAMEWORK_SEARCH_PATHS = (
					"$(SDKROOT)/Developer/Library/Frameworks",
					"$(inherited)",
				);
				INFOPLIST_FILE = "Se Le TieneTests/Info.plist";
				LD_RUNPATH_SEARCH_PATHS = "$(inherited) @executable_path/Frameworks @loader_path/Frameworks";
				PRODUCT_NAME = "$(TARGET_NAME)";
				TEST_HOST = "$(BUILT_PRODUCTS_DIR)/Se Le Tiene.app/Se Le Tiene";
			};
			name = Release;
		};
/* End XCBuildConfiguration section */

/* Begin XCConfigurationList section */
		EC108B6E19D8E2F000CBBC17 /* Build configuration list for PBXProject "Se Le Tiene" */ = {
			isa = XCConfigurationList;
			buildConfigurations = (
				EC108B9719D8E2F000CBBC17 /* Debug */,
				EC108B9819D8E2F000CBBC17 /* Release */,
			);
			defaultConfigurationIsVisible = 0;
			defaultConfigurationName = Release;
		};
		EC108B9919D8E2F000CBBC17 /* Build configuration list for PBXNativeTarget "Se Le Tiene" */ = {
			isa = XCConfigurationList;
			buildConfigurations = (
				EC108B9A19D8E2F000CBBC17 /* Debug */,
				EC108B9B19D8E2F000CBBC17 /* Release */,
			);
			defaultConfigurationIsVisible = 0;
			defaultConfigurationName = Release;
		};
		EC108B9C19D8E2F000CBBC17 /* Build configuration list for PBXNativeTarget "Se Le TieneTests" */ = {
			isa = XCConfigurationList;
			buildConfigurations = (
				EC108B9D19D8E2F000CBBC17 /* Debug */,
				EC108B9E19D8E2F000CBBC17 /* Release */,
			);
			defaultConfigurationIsVisible = 0;
			defaultConfigurationName = Release;
		};
/* End XCConfigurationList section */

/* Begin XCVersionGroup section */
		EC108B7D19D8E2F000CBBC17 /* Se_Le_Tiene.xcdatamodeld */ = {
			isa = XCVersionGroup;
			children = (
				EC108B7E19D8E2F000CBBC17 /* Se_Le_Tiene.xcdatamodel */,
			);
			currentVersion = EC108B7E19D8E2F000CBBC17 /* Se_Le_Tiene.xcdatamodel */;
			path = Se_Le_Tiene.xcdatamodeld;
			sourceTree = "<group>";
			versionGroupType = wrapper.xcdatamodel;
		};
/* End XCVersionGroup section */
	};
	rootObject = EC108B6B19D8E2F000CBBC17 /* Project object */;
}
